// !$*UTF8*$!
{
	archiveVersion = 1;
	classes = {
	};
	objectVersion = 46;
	objects = {

/* Begin PBXBuildFile section */
		32E8BA5B1E2E6C4900A8F268 /* AppDelegate.swift in Sources */ = {isa = PBXBuildFile; fileRef = 32E8BA5A1E2E6C4900A8F268 /* AppDelegate.swift */; };
		32E8BA5D1E2E6C4900A8F268 /* GroupsViewController.swift in Sources */ = {isa = PBXBuildFile; fileRef = 32E8BA5C1E2E6C4900A8F268 /* GroupsViewController.swift */; };
		32E8BA621E2E6C4900A8F268 /* Assets.xcassets in Resources */ = {isa = PBXBuildFile; fileRef = 32E8BA611E2E6C4900A8F268 /* Assets.xcassets */; };
		32E8BA651E2E6C4900A8F268 /* LaunchScreen.storyboard in Resources */ = {isa = PBXBuildFile; fileRef = 32E8BA631E2E6C4900A8F268 /* LaunchScreen.storyboard */; };
		32E8BA701E2E6C4900A8F268 /* ContactTests.swift in Sources */ = {isa = PBXBuildFile; fileRef = 32E8BA6F1E2E6C4900A8F268 /* ContactTests.swift */; };
		32E8BA7B1E2E6C4900A8F268 /* ContactUITests.swift in Sources */ = {isa = PBXBuildFile; fileRef = 32E8BA7A1E2E6C4900A8F268 /* ContactUITests.swift */; };
		32E8BA891E2E73E400A8F268 /* GroupViewController.swift in Sources */ = {isa = PBXBuildFile; fileRef = 32E8BA881E2E73E400A8F268 /* GroupViewController.swift */; };
/* End PBXBuildFile section */

/* Begin PBXContainerItemProxy section */
		32E8BA6C1E2E6C4900A8F268 /* PBXContainerItemProxy */ = {
			isa = PBXContainerItemProxy;
			containerPortal = 32E8BA4F1E2E6C4900A8F268 /* Project object */;
			proxyType = 1;
			remoteGlobalIDString = 32E8BA561E2E6C4900A8F268;
			remoteInfo = Contact;
		};
		32E8BA771E2E6C4900A8F268 /* PBXContainerItemProxy */ = {
			isa = PBXContainerItemProxy;
			containerPortal = 32E8BA4F1E2E6C4900A8F268 /* Project object */;
			proxyType = 1;
			remoteGlobalIDString = 32E8BA561E2E6C4900A8F268;
			remoteInfo = Contact;
		};
/* End PBXContainerItemProxy section */

/* Begin PBXFileReference section */
		32E8BA571E2E6C4900A8F268 /* Contact.app */ = {isa = PBXFileReference; explicitFileType = wrapper.application; includeInIndex = 0; path = Contact.app; sourceTree = BUILT_PRODUCTS_DIR; };
		32E8BA5A1E2E6C4900A8F268 /* AppDelegate.swift */ = {isa = PBXFileReference; lastKnownFileType = sourcecode.swift; path = AppDelegate.swift; sourceTree = "<group>"; };
		32E8BA5C1E2E6C4900A8F268 /* GroupsViewController.swift */ = {isa = PBXFileReference; lastKnownFileType = sourcecode.swift; path = GroupsViewController.swift; sourceTree = "<group>"; };
		32E8BA611E2E6C4900A8F268 /* Assets.xcassets */ = {isa = PBXFileReference; lastKnownFileType = folder.assetcatalog; path = Assets.xcassets; sourceTree = "<group>"; };
		32E8BA641E2E6C4900A8F268 /* Base */ = {isa = PBXFileReference; lastKnownFileType = file.storyboard; name = Base; path = Base.lproj/LaunchScreen.storyboard; sourceTree = "<group>"; };
		32E8BA661E2E6C4900A8F268 /* Info.plist */ = {isa = PBXFileReference; lastKnownFileType = text.plist.xml; path = Info.plist; sourceTree = "<group>"; };
		32E8BA6B1E2E6C4900A8F268 /* ContactTests.xctest */ = {isa = PBXFileReference; explicitFileType = wrapper.cfbundle; includeInIndex = 0; path = ContactTests.xctest; sourceTree = BUILT_PRODUCTS_DIR; };
		32E8BA6F1E2E6C4900A8F268 /* ContactTests.swift */ = {isa = PBXFileReference; lastKnownFileType = sourcecode.swift; path = ContactTests.swift; sourceTree = "<group>"; };
		32E8BA711E2E6C4900A8F268 /* Info.plist */ = {isa = PBXFileReference; lastKnownFileType = text.plist.xml; path = Info.plist; sourceTree = "<group>"; };
		32E8BA761E2E6C4900A8F268 /* ContactUITests.xctest */ = {isa = PBXFileReference; explicitFileType = wrapper.cfbundle; includeInIndex = 0; path = ContactUITests.xctest; sourceTree = BUILT_PRODUCTS_DIR; };
		32E8BA7A1E2E6C4900A8F268 /* ContactUITests.swift */ = {isa = PBXFileReference; lastKnownFileType = sourcecode.swift; path = ContactUITests.swift; sourceTree = "<group>"; };
		32E8BA7C1E2E6C4900A8F268 /* Info.plist */ = {isa = PBXFileReference; lastKnownFileType = text.plist.xml; path = Info.plist; sourceTree = "<group>"; };
		32E8BA881E2E73E400A8F268 /* GroupViewController.swift */ = {isa = PBXFileReference; fileEncoding = 4; lastKnownFileType = sourcecode.swift; path = GroupViewController.swift; sourceTree = "<group>"; };
/* End PBXFileReference section */

/* Begin PBXFrameworksBuildPhase section */
		32E8BA541E2E6C4900A8F268 /* Frameworks */ = {
			isa = PBXFrameworksBuildPhase;
			buildActionMask = 2147483647;
			files = (
			);
			runOnlyForDeploymentPostprocessing = 0;
		};
		32E8BA681E2E6C4900A8F268 /* Frameworks */ = {
			isa = PBXFrameworksBuildPhase;
			buildActionMask = 2147483647;
			files = (
			);
			runOnlyForDeploymentPostprocessing = 0;
		};
		32E8BA731E2E6C4900A8F268 /* Frameworks */ = {
			isa = PBXFrameworksBuildPhase;
			buildActionMask = 2147483647;
			files = (
			);
			runOnlyForDeploymentPostprocessing = 0;
		};
/* End PBXFrameworksBuildPhase section */

/* Begin PBXGroup section */
		32E8BA4E1E2E6C4900A8F268 = {
			isa = PBXGroup;
			children = (
				32E8BA591E2E6C4900A8F268 /* Contact */,
				32E8BA6E1E2E6C4900A8F268 /* ContactTests */,
				32E8BA791E2E6C4900A8F268 /* ContactUITests */,
				32E8BA581E2E6C4900A8F268 /* Products */,
			);
			sourceTree = "<group>";
		};
		32E8BA581E2E6C4900A8F268 /* Products */ = {
			isa = PBXGroup;
			children = (
				32E8BA571E2E6C4900A8F268 /* Contact.app */,
				32E8BA6B1E2E6C4900A8F268 /* ContactTests.xctest */,
				32E8BA761E2E6C4900A8F268 /* ContactUITests.xctest */,
			);
			name = Products;
			sourceTree = "<group>";
		};
		32E8BA591E2E6C4900A8F268 /* Contact */ = {
			isa = PBXGroup;
			children = (
				32E8BA5A1E2E6C4900A8F268 /* AppDelegate.swift */,
				32E8BA5C1E2E6C4900A8F268 /* GroupsViewController.swift */,
				32E8BA881E2E73E400A8F268 /* GroupViewController.swift */,
				32E8BA611E2E6C4900A8F268 /* Assets.xcassets */,
				32E8BA631E2E6C4900A8F268 /* LaunchScreen.storyboard */,
				32E8BA661E2E6C4900A8F268 /* Info.plist */,
			);
			path = Contact;
			sourceTree = "<group>";
		};
		32E8BA6E1E2E6C4900A8F268 /* ContactTests */ = {
			isa = PBXGroup;
			children = (
				32E8BA6F1E2E6C4900A8F268 /* ContactTests.swift */,
				32E8BA711E2E6C4900A8F268 /* Info.plist */,
			);
			path = ContactTests;
			sourceTree = "<group>";
		};
		32E8BA791E2E6C4900A8F268 /* ContactUITests */ = {
			isa = PBXGroup;
			children = (
				32E8BA7A1E2E6C4900A8F268 /* ContactUITests.swift */,
				32E8BA7C1E2E6C4900A8F268 /* Info.plist */,
			);
			path = ContactUITests;
			sourceTree = "<group>";
		};
/* End PBXGroup section */

/* Begin PBXNativeTarget section */
		32E8BA561E2E6C4900A8F268 /* Contact */ = {
			isa = PBXNativeTarget;
			buildConfigurationList = 32E8BA7F1E2E6C4900A8F268 /* Build configuration list for PBXNativeTarget "Contact" */;
			buildPhases = (
				32E8BA531E2E6C4900A8F268 /* Sources */,
				32E8BA541E2E6C4900A8F268 /* Frameworks */,
				32E8BA551E2E6C4900A8F268 /* Resources */,
			);
			buildRules = (
			);
			dependencies = (
			);
			name = Contact;
			productName = Contact;
			productReference = 32E8BA571E2E6C4900A8F268 /* Contact.app */;
			productType = "com.apple.product-type.application";
		};
		32E8BA6A1E2E6C4900A8F268 /* ContactTests */ = {
			isa = PBXNativeTarget;
			buildConfigurationList = 32E8BA821E2E6C4900A8F268 /* Build configuration list for PBXNativeTarget "ContactTests" */;
			buildPhases = (
				32E8BA671E2E6C4900A8F268 /* Sources */,
				32E8BA681E2E6C4900A8F268 /* Frameworks */,
				32E8BA691E2E6C4900A8F268 /* Resources */,
			);
			buildRules = (
			);
			dependencies = (
				32E8BA6D1E2E6C4900A8F268 /* PBXTargetDependency */,
			);
			name = ContactTests;
			productName = ContactTests;
			productReference = 32E8BA6B1E2E6C4900A8F268 /* ContactTests.xctest */;
			productType = "com.apple.product-type.bundle.unit-test";
		};
		32E8BA751E2E6C4900A8F268 /* ContactUITests */ = {
			isa = PBXNativeTarget;
			buildConfigurationList = 32E8BA851E2E6C4900A8F268 /* Build configuration list for PBXNativeTarget "ContactUITests" */;
			buildPhases = (
				32E8BA721E2E6C4900A8F268 /* Sources */,
				32E8BA731E2E6C4900A8F268 /* Frameworks */,
				32E8BA741E2E6C4900A8F268 /* Resources */,
			);
			buildRules = (
			);
			dependencies = (
				32E8BA781E2E6C4900A8F268 /* PBXTargetDependency */,
			);
			name = ContactUITests;
			productName = ContactUITests;
			productReference = 32E8BA761E2E6C4900A8F268 /* ContactUITests.xctest */;
			productType = "com.apple.product-type.bundle.ui-testing";
		};
/* End PBXNativeTarget section */

/* Begin PBXProject section */
		32E8BA4F1E2E6C4900A8F268 /* Project object */ = {
			isa = PBXProject;
			attributes = {
				LastSwiftUpdateCheck = 0820;
				LastUpgradeCheck = 0820;
				ORGANIZATIONNAME = "Buttons and Lights LLC";
				TargetAttributes = {
					32E8BA561E2E6C4900A8F268 = {
						CreatedOnToolsVersion = 8.2.1;
						DevelopmentTeam = K3S3BWK3L4;
						ProvisioningStyle = Automatic;
					};
					32E8BA6A1E2E6C4900A8F268 = {
						CreatedOnToolsVersion = 8.2.1;
						DevelopmentTeam = K3S3BWK3L4;
						ProvisioningStyle = Automatic;
						TestTargetID = 32E8BA561E2E6C4900A8F268;
					};
					32E8BA751E2E6C4900A8F268 = {
						CreatedOnToolsVersion = 8.2.1;
						DevelopmentTeam = K3S3BWK3L4;
						ProvisioningStyle = Automatic;
						TestTargetID = 32E8BA561E2E6C4900A8F268;
					};
				};
			};
			buildConfigurationList = 32E8BA521E2E6C4900A8F268 /* Build configuration list for PBXProject "Contact" */;
			compatibilityVersion = "Xcode 3.2";
			developmentRegion = English;
			hasScannedForEncodings = 0;
			knownRegions = (
				en,
				Base,
			);
			mainGroup = 32E8BA4E1E2E6C4900A8F268;
			productRefGroup = 32E8BA581E2E6C4900A8F268 /* Products */;
			projectDirPath = "";
			projectRoot = "";
			targets = (
				32E8BA561E2E6C4900A8F268 /* Contact */,
				32E8BA6A1E2E6C4900A8F268 /* ContactTests */,
				32E8BA751E2E6C4900A8F268 /* ContactUITests */,
			);
		};
/* End PBXProject section */

/* Begin PBXResourcesBuildPhase section */
		32E8BA551E2E6C4900A8F268 /* Resources */ = {
			isa = PBXResourcesBuildPhase;
			buildActionMask = 2147483647;
			files = (
				32E8BA651E2E6C4900A8F268 /* LaunchScreen.storyboard in Resources */,
				32E8BA621E2E6C4900A8F268 /* Assets.xcassets in Resources */,
			);
			runOnlyForDeploymentPostprocessing = 0;
		};
		32E8BA691E2E6C4900A8F268 /* Resources */ = {
			isa = PBXResourcesBuildPhase;
			buildActionMask = 2147483647;
			files = (
			);
			runOnlyForDeploymentPostprocessing = 0;
		};
		32E8BA741E2E6C4900A8F268 /* Resources */ = {
			isa = PBXResourcesBuildPhase;
			buildActionMask = 2147483647;
			files = (
			);
			runOnlyForDeploymentPostprocessing = 0;
		};
/* End PBXResourcesBuildPhase section */

/* Begin PBXSourcesBuildPhase section */
		32E8BA531E2E6C4900A8F268 /* Sources */ = {
			isa = PBXSourcesBuildPhase;
			buildActionMask = 2147483647;
			files = (
				32E8BA891E2E73E400A8F268 /* GroupViewController.swift in Sources */,
				32E8BA5D1E2E6C4900A8F268 /* GroupsViewController.swift in Sources */,
				32E8BA5B1E2E6C4900A8F268 /* AppDelegate.swift in Sources */,
			);
			runOnlyForDeploymentPostprocessing = 0;
		};
		32E8BA671E2E6C4900A8F268 /* Sources */ = {
			isa = PBXSourcesBuildPhase;
			buildActionMask = 2147483647;
			files = (
				32E8BA701E2E6C4900A8F268 /* ContactTests.swift in Sources */,
			);
			runOnlyForDeploymentPostprocessing = 0;
		};
		32E8BA721E2E6C4900A8F268 /* Sources */ = {
			isa = PBXSourcesBuildPhase;
			buildActionMask = 2147483647;
			files = (
				32E8BA7B1E2E6C4900A8F268 /* ContactUITests.swift in Sources */,
			);
			runOnlyForDeploymentPostprocessing = 0;
		};
/* End PBXSourcesBuildPhase section */

/* Begin PBXTargetDependency section */
		32E8BA6D1E2E6C4900A8F268 /* PBXTargetDependency */ = {
			isa = PBXTargetDependency;
			target = 32E8BA561E2E6C4900A8F268 /* Contact */;
			targetProxy = 32E8BA6C1E2E6C4900A8F268 /* PBXContainerItemProxy */;
		};
		32E8BA781E2E6C4900A8F268 /* PBXTargetDependency */ = {
			isa = PBXTargetDependency;
			target = 32E8BA561E2E6C4900A8F268 /* Contact */;
			targetProxy = 32E8BA771E2E6C4900A8F268 /* PBXContainerItemProxy */;
		};
/* End PBXTargetDependency section */

/* Begin PBXVariantGroup section */
		32E8BA631E2E6C4900A8F268 /* LaunchScreen.storyboard */ = {
			isa = PBXVariantGroup;
			children = (
				32E8BA641E2E6C4900A8F268 /* Base */,
			);
			name = LaunchScreen.storyboard;
			sourceTree = "<group>";
		};
/* End PBXVariantGroup section */

/* Begin XCBuildConfiguration section */
		32E8BA7D1E2E6C4900A8F268 /* Debug */ = {
			isa = XCBuildConfiguration;
			buildSettings = {
				ALWAYS_SEARCH_USER_PATHS = NO;
				CLANG_ANALYZER_NONNULL = YES;
				CLANG_CXX_LANGUAGE_STANDARD = "gnu++0x";
				CLANG_CXX_LIBRARY = "libc++";
				CLANG_ENABLE_MODULES = YES;
				CLANG_ENABLE_OBJC_ARC = YES;
				CLANG_WARN_BOOL_CONVERSION = YES;
				CLANG_WARN_CONSTANT_CONVERSION = YES;
				CLANG_WARN_DIRECT_OBJC_ISA_USAGE = YES_ERROR;
				CLANG_WARN_DOCUMENTATION_COMMENTS = YES;
				CLANG_WARN_EMPTY_BODY = YES;
				CLANG_WARN_ENUM_CONVERSION = YES;
				CLANG_WARN_INFINITE_RECURSION = YES;
				CLANG_WARN_INT_CONVERSION = YES;
				CLANG_WARN_OBJC_ROOT_CLASS = YES_ERROR;
				CLANG_WARN_SUSPICIOUS_MOVE = YES;
				CLANG_WARN_UNREACHABLE_CODE = YES;
				CLANG_WARN__DUPLICATE_METHOD_MATCH = YES;
				"CODE_SIGN_IDENTITY[sdk=iphoneos*]" = "iPhone Developer";
				COPY_PHASE_STRIP = NO;
				DEBUG_INFORMATION_FORMAT = dwarf;
				ENABLE_STRICT_OBJC_MSGSEND = YES;
				ENABLE_TESTABILITY = YES;
				GCC_C_LANGUAGE_STANDARD = gnu99;
				GCC_DYNAMIC_NO_PIC = NO;
				GCC_NO_COMMON_BLOCKS = YES;
				GCC_OPTIMIZATION_LEVEL = 0;
				GCC_PREPROCESSOR_DEFINITIONS = (
					"DEBUG=1",
					"$(inherited)",
				);
				GCC_WARN_64_TO_32_BIT_CONVERSION = YES;
				GCC_WARN_ABOUT_RETURN_TYPE = YES_ERROR;
				GCC_WARN_UNDECLARED_SELECTOR = YES;
				GCC_WARN_UNINITIALIZED_AUTOS = YES_AGGRESSIVE;
				GCC_WARN_UNUSED_FUNCTION = YES;
				GCC_WARN_UNUSED_VARIABLE = YES;
				IPHONEOS_DEPLOYMENT_TARGET = 10.2;
				MTL_ENABLE_DEBUG_INFO = YES;
				ONLY_ACTIVE_ARCH = YES;
				SDKROOT = iphoneos;
				SWIFT_ACTIVE_COMPILATION_CONDITIONS = DEBUG;
				SWIFT_OPTIMIZATION_LEVEL = "-Onone";
			};
			name = Debug;
		};
		32E8BA7E1E2E6C4900A8F268 /* Release */ = {
			isa = XCBuildConfiguration;
			buildSettings = {
				ALWAYS_SEARCH_USER_PATHS = NO;
				CLANG_ANALYZER_NONNULL = YES;
				CLANG_CXX_LANGUAGE_STANDARD = "gnu++0x";
				CLANG_CXX_LIBRARY = "libc++";
				CLANG_ENABLE_MODULES = YES;
				CLANG_ENABLE_OBJC_ARC = YES;
				CLANG_WARN_BOOL_CONVERSION = YES;
				CLANG_WARN_CONSTANT_CONVERSION = YES;
				CLANG_WARN_DIRECT_OBJC_ISA_USAGE = YES_ERROR;
				CLANG_WARN_DOCUMENTATION_COMMENTS = YES;
				CLANG_WARN_EMPTY_BODY = YES;
				CLANG_WARN_ENUM_CONVERSION = YES;
				CLANG_WARN_INFINITE_RECURSION = YES;
				CLANG_WARN_INT_CONVERSION = YES;
				CLANG_WARN_OBJC_ROOT_CLASS = YES_ERROR;
				CLANG_WARN_SUSPICIOUS_MOVE = YES;
				CLANG_WARN_UNREACHABLE_CODE = YES;
				CLANG_WARN__DUPLICATE_METHOD_MATCH = YES;
				"CODE_SIGN_IDENTITY[sdk=iphoneos*]" = "iPhone Developer";
				COPY_PHASE_STRIP = NO;
				DEBUG_INFORMATION_FORMAT = "dwarf-with-dsym";
				ENABLE_NS_ASSERTIONS = NO;
				ENABLE_STRICT_OBJC_MSGSEND = YES;
				GCC_C_LANGUAGE_STANDARD = gnu99;
				GCC_NO_COMMON_BLOCKS = YES;
				GCC_WARN_64_TO_32_BIT_CONVERSION = YES;
				GCC_WARN_ABOUT_RETURN_TYPE = YES_ERROR;
				GCC_WARN_UNDECLARED_SELECTOR = YES;
				GCC_WARN_UNINITIALIZED_AUTOS = YES_AGGRESSIVE;
				GCC_WARN_UNUSED_FUNCTION = YES;
				GCC_WARN_UNUSED_VARIABLE = YES;
				IPHONEOS_DEPLOYMENT_TARGET = 10.2;
				MTL_ENABLE_DEBUG_INFO = NO;
				SDKROOT = iphoneos;
				SWIFT_OPTIMIZATION_LEVEL = "-Owholemodule";
				VALIDATE_PRODUCT = YES;
			};
			name = Release;
		};
		32E8BA801E2E6C4900A8F268 /* Debug */ = {
			isa = XCBuildConfiguration;
			buildSettings = {
				ASSETCATALOG_COMPILER_APPICON_NAME = AppIcon;
				DEVELOPMENT_TEAM = K3S3BWK3L4;
				INFOPLIST_FILE = Contact/Info.plist;
				LD_RUNPATH_SEARCH_PATHS = "$(inherited) @executable_path/Frameworks";
				PRODUCT_BUNDLE_IDENTIFIER = com.buttonsAndLights.Contact;
				PRODUCT_NAME = "$(TARGET_NAME)";
				SWIFT_VERSION = 3.0;
			};
			name = Debug;
		};
		32E8BA811E2E6C4900A8F268 /* Release */ = {
			isa = XCBuildConfiguration;
			buildSettings = {
				ASSETCATALOG_COMPILER_APPICON_NAME = AppIcon;
				DEVELOPMENT_TEAM = K3S3BWK3L4;
				INFOPLIST_FILE = Contact/Info.plist;
				LD_RUNPATH_SEARCH_PATHS = "$(inherited) @executable_path/Frameworks";
				PRODUCT_BUNDLE_IDENTIFIER = com.buttonsAndLights.Contact;
				PRODUCT_NAME = "$(TARGET_NAME)";
				SWIFT_VERSION = 3.0;
			};
			name = Release;
		};
		32E8BA831E2E6C4900A8F268 /* Debug */ = {
			isa = XCBuildConfiguration;
			buildSettings = {
				ALWAYS_EMBED_SWIFT_STANDARD_LIBRARIES = YES;
				BUNDLE_LOADER = "$(TEST_HOST)";
				DEVELOPMENT_TEAM = K3S3BWK3L4;
				INFOPLIST_FILE = ContactTests/Info.plist;
				LD_RUNPATH_SEARCH_PATHS = "$(inherited) @executable_path/Frameworks @loader_path/Frameworks";
				PRODUCT_BUNDLE_IDENTIFIER = com.buttonsAndLights.ContactTests;
				PRODUCT_NAME = "$(TARGET_NAME)";
				SWIFT_VERSION = 3.0;
				TEST_HOST = "$(BUILT_PRODUCTS_DIR)/Contact.app/Contact";
			};
			name = Debug;
		};
		32E8BA841E2E6C4900A8F268 /* Release */ = {
			isa = XCBuildConfiguration;
			buildSettings = {
				ALWAYS_EMBED_SWIFT_STANDARD_LIBRARIES = YES;
				BUNDLE_LOADER = "$(TEST_HOST)";
				DEVELOPMENT_TEAM = K3S3BWK3L4;
				INFOPLIST_FILE = ContactTests/Info.plist;
				LD_RUNPATH_SEARCH_PATHS = "$(inherited) @executable_path/Frameworks @loader_path/Frameworks";
				PRODUCT_BUNDLE_IDENTIFIER = com.buttonsAndLights.ContactTests;
				PRODUCT_NAME = "$(TARGET_NAME)";
				SWIFT_VERSION = 3.0;
				TEST_HOST = "$(BUILT_PRODUCTS_DIR)/Contact.app/Contact";
			};
			name = Release;
		};
		32E8BA861E2E6C4900A8F268 /* Debug */ = {
			isa = XCBuildConfiguration;
			buildSettings = {
				ALWAYS_EMBED_SWIFT_STANDARD_LIBRARIES = YES;
				DEVELOPMENT_TEAM = K3S3BWK3L4;
				INFOPLIST_FILE = ContactUITests/Info.plist;
				LD_RUNPATH_SEARCH_PATHS = "$(inherited) @executable_path/Frameworks @loader_path/Frameworks";
				PRODUCT_BUNDLE_IDENTIFIER = com.buttonsAndLights.ContactUITests;
				PRODUCT_NAME = "$(TARGET_NAME)";
				SWIFT_VERSION = 3.0;
				TEST_TARGET_NAME = Contact;
			};
			name = Debug;
		};
		32E8BA871E2E6C4900A8F268 /* Release */ = {
			isa = XCBuildConfiguration;
			buildSettings = {
				ALWAYS_EMBED_SWIFT_STANDARD_LIBRARIES = YES;
				DEVELOPMENT_TEAM = K3S3BWK3L4;
				INFOPLIST_FILE = ContactUITests/Info.plist;
				LD_RUNPATH_SEARCH_PATHS = "$(inherited) @executable_path/Frameworks @loader_path/Frameworks";
				PRODUCT_BUNDLE_IDENTIFIER = com.buttonsAndLights.ContactUITests;
				PRODUCT_NAME = "$(TARGET_NAME)";
				SWIFT_VERSION = 3.0;
				TEST_TARGET_NAME = Contact;
			};
			name = Release;
		};
/* End XCBuildConfiguration section */

/* Begin XCConfigurationList section */
		32E8BA521E2E6C4900A8F268 /* Build configuration list for PBXProject "Contact" */ = {
			isa = XCConfigurationList;
			buildConfigurations = (
				32E8BA7D1E2E6C4900A8F268 /* Debug */,
				32E8BA7E1E2E6C4900A8F268 /* Release */,
			);
			defaultConfigurationIsVisible = 0;
			defaultConfigurationName = Release;
		};
		32E8BA7F1E2E6C4900A8F268 /* Build configuration list for PBXNativeTarget "Contact" */ = {
			isa = XCConfigurationList;
			buildConfigurations = (
				32E8BA801E2E6C4900A8F268 /* Debug */,
				32E8BA811E2E6C4900A8F268 /* Release */,
			);
			defaultConfigurationIsVisible = 0;
		};
		32E8BA821E2E6C4900A8F268 /* Build configuration list for PBXNativeTarget "ContactTests" */ = {
			isa = XCConfigurationList;
			buildConfigurations = (
				32E8BA831E2E6C4900A8F268 /* Debug */,
				32E8BA841E2E6C4900A8F268 /* Release */,
			);
			defaultConfigurationIsVisible = 0;
		};
		32E8BA851E2E6C4900A8F268 /* Build configuration list for PBXNativeTarget "ContactUITests" */ = {
			isa = XCConfigurationList;
			buildConfigurations = (
				32E8BA861E2E6C4900A8F268 /* Debug */,
				32E8BA871E2E6C4900A8F268 /* Release */,
			);
			defaultConfigurationIsVisible = 0;
		};
/* End XCConfigurationList section */
	};
	rootObject = 32E8BA4F1E2E6C4900A8F268 /* Project object */;
}
