// !$*UTF8*$!
{
	archiveVersion = 1;
	classes = {
	};
	objectVersion = 46;
	objects = {

/* Begin PBXBuildFile section */
		3297A1DA1E293892006B91DC /* AppDelegate.swift in Sources */ = {isa = PBXBuildFile; fileRef = 3297A1D91E293892006B91DC /* AppDelegate.swift */; };
		3297A1DC1E293892006B91DC /* AvatarListViewController.swift in Sources */ = {isa = PBXBuildFile; fileRef = 3297A1DB1E293892006B91DC /* AvatarListViewController.swift */; };
		3297A1DF1E293892006B91DC /* Main.storyboard in Resources */ = {isa = PBXBuildFile; fileRef = 3297A1DD1E293892006B91DC /* Main.storyboard */; };
		3297A1E11E293892006B91DC /* Assets.xcassets in Resources */ = {isa = PBXBuildFile; fileRef = 3297A1E01E293892006B91DC /* Assets.xcassets */; };
		3297A1E41E293892006B91DC /* LaunchScreen.storyboard in Resources */ = {isa = PBXBuildFile; fileRef = 3297A1E21E293892006B91DC /* LaunchScreen.storyboard */; };
		3297A1EF1E293892006B91DC /* CharacterCreatorTooTests.swift in Sources */ = {isa = PBXBuildFile; fileRef = 3297A1EE1E293892006B91DC /* CharacterCreatorTooTests.swift */; };
		3297A1FA1E293892006B91DC /* CharacterCreatorTooUITests.swift in Sources */ = {isa = PBXBuildFile; fileRef = 3297A1F91E293892006B91DC /* CharacterCreatorTooUITests.swift */; };
		32C0F2BE1E2939A700924054 /* Avatar.swift in Sources */ = {isa = PBXBuildFile; fileRef = 32C0F2BD1E2939A700924054 /* Avatar.swift */; };
		32C0F2C01E293A5C00924054 /* AvatarCell.swift in Sources */ = {isa = PBXBuildFile; fileRef = 32C0F2BF1E293A5C00924054 /* AvatarCell.swift */; };
		32C0F2C21E293D9500924054 /* AvatarEditingViewController.swift in Sources */ = {isa = PBXBuildFile; fileRef = 32C0F2C11E293D9500924054 /* AvatarEditingViewController.swift */; };
/* End PBXBuildFile section */

/* Begin PBXContainerItemProxy section */
		3297A1EB1E293892006B91DC /* PBXContainerItemProxy */ = {
			isa = PBXContainerItemProxy;
			containerPortal = 3297A1CE1E293892006B91DC /* Project object */;
			proxyType = 1;
			remoteGlobalIDString = 3297A1D51E293892006B91DC;
			remoteInfo = CharacterCreatorToo;
		};
		3297A1F61E293892006B91DC /* PBXContainerItemProxy */ = {
			isa = PBXContainerItemProxy;
			containerPortal = 3297A1CE1E293892006B91DC /* Project object */;
			proxyType = 1;
			remoteGlobalIDString = 3297A1D51E293892006B91DC;
			remoteInfo = CharacterCreatorToo;
		};
/* End PBXContainerItemProxy section */

/* Begin PBXFileReference section */
		3297A1D61E293892006B91DC /* CharacterCreatorToo.app */ = {isa = PBXFileReference; explicitFileType = wrapper.application; includeInIndex = 0; path = CharacterCreatorToo.app; sourceTree = BUILT_PRODUCTS_DIR; };
		3297A1D91E293892006B91DC /* AppDelegate.swift */ = {isa = PBXFileReference; lastKnownFileType = sourcecode.swift; path = AppDelegate.swift; sourceTree = "<group>"; };
		3297A1DB1E293892006B91DC /* AvatarListViewController.swift */ = {isa = PBXFileReference; lastKnownFileType = sourcecode.swift; path = AvatarListViewController.swift; sourceTree = "<group>"; };
		3297A1DE1E293892006B91DC /* Base */ = {isa = PBXFileReference; lastKnownFileType = file.storyboard; name = Base; path = Base.lproj/Main.storyboard; sourceTree = "<group>"; };
		3297A1E01E293892006B91DC /* Assets.xcassets */ = {isa = PBXFileReference; lastKnownFileType = folder.assetcatalog; path = Assets.xcassets; sourceTree = "<group>"; };
		3297A1E31E293892006B91DC /* Base */ = {isa = PBXFileReference; lastKnownFileType = file.storyboard; name = Base; path = Base.lproj/LaunchScreen.storyboard; sourceTree = "<group>"; };
		3297A1E51E293892006B91DC /* Info.plist */ = {isa = PBXFileReference; lastKnownFileType = text.plist.xml; path = Info.plist; sourceTree = "<group>"; };
		3297A1EA1E293892006B91DC /* CharacterCreatorTooTests.xctest */ = {isa = PBXFileReference; explicitFileType = wrapper.cfbundle; includeInIndex = 0; path = CharacterCreatorTooTests.xctest; sourceTree = BUILT_PRODUCTS_DIR; };
		3297A1EE1E293892006B91DC /* CharacterCreatorTooTests.swift */ = {isa = PBXFileReference; lastKnownFileType = sourcecode.swift; path = CharacterCreatorTooTests.swift; sourceTree = "<group>"; };
		3297A1F01E293892006B91DC /* Info.plist */ = {isa = PBXFileReference; lastKnownFileType = text.plist.xml; path = Info.plist; sourceTree = "<group>"; };
		3297A1F51E293892006B91DC /* CharacterCreatorTooUITests.xctest */ = {isa = PBXFileReference; explicitFileType = wrapper.cfbundle; includeInIndex = 0; path = CharacterCreatorTooUITests.xctest; sourceTree = BUILT_PRODUCTS_DIR; };
		3297A1F91E293892006B91DC /* CharacterCreatorTooUITests.swift */ = {isa = PBXFileReference; lastKnownFileType = sourcecode.swift; path = CharacterCreatorTooUITests.swift; sourceTree = "<group>"; };
		3297A1FB1E293892006B91DC /* Info.plist */ = {isa = PBXFileReference; lastKnownFileType = text.plist.xml; path = Info.plist; sourceTree = "<group>"; };
		32C0F2BD1E2939A700924054 /* Avatar.swift */ = {isa = PBXFileReference; fileEncoding = 4; lastKnownFileType = sourcecode.swift; path = Avatar.swift; sourceTree = "<group>"; };
		32C0F2BF1E293A5C00924054 /* AvatarCell.swift */ = {isa = PBXFileReference; fileEncoding = 4; lastKnownFileType = sourcecode.swift; path = AvatarCell.swift; sourceTree = "<group>"; };
		32C0F2C11E293D9500924054 /* AvatarEditingViewController.swift */ = {isa = PBXFileReference; fileEncoding = 4; lastKnownFileType = sourcecode.swift; path = AvatarEditingViewController.swift; sourceTree = "<group>"; };
/* End PBXFileReference section */

/* Begin PBXFrameworksBuildPhase section */
		3297A1D31E293892006B91DC /* Frameworks */ = {
			isa = PBXFrameworksBuildPhase;
			buildActionMask = 2147483647;
			files = (
			);
			runOnlyForDeploymentPostprocessing = 0;
		};
		3297A1E71E293892006B91DC /* Frameworks */ = {
			isa = PBXFrameworksBuildPhase;
			buildActionMask = 2147483647;
			files = (
			);
			runOnlyForDeploymentPostprocessing = 0;
		};
		3297A1F21E293892006B91DC /* Frameworks */ = {
			isa = PBXFrameworksBuildPhase;
			buildActionMask = 2147483647;
			files = (
			);
			runOnlyForDeploymentPostprocessing = 0;
		};
/* End PBXFrameworksBuildPhase section */

/* Begin PBXGroup section */
		3297A1CD1E293892006B91DC = {
			isa = PBXGroup;
			children = (
				3297A1D81E293892006B91DC /* CharacterCreatorToo */,
				3297A1ED1E293892006B91DC /* CharacterCreatorTooTests */,
				3297A1F81E293892006B91DC /* CharacterCreatorTooUITests */,
				3297A1D71E293892006B91DC /* Products */,
			);
			sourceTree = "<group>";
		};
		3297A1D71E293892006B91DC /* Products */ = {
			isa = PBXGroup;
			children = (
				3297A1D61E293892006B91DC /* CharacterCreatorToo.app */,
				3297A1EA1E293892006B91DC /* CharacterCreatorTooTests.xctest */,
				3297A1F51E293892006B91DC /* CharacterCreatorTooUITests.xctest */,
			);
			name = Products;
			sourceTree = "<group>";
		};
		3297A1D81E293892006B91DC /* CharacterCreatorToo */ = {
			isa = PBXGroup;
			children = (
				3297A1D91E293892006B91DC /* AppDelegate.swift */,
				3297A1DB1E293892006B91DC /* AvatarListViewController.swift */,
				32C0F2BF1E293A5C00924054 /* AvatarCell.swift */,
				32C0F2BD1E2939A700924054 /* Avatar.swift */,
				32C0F2C11E293D9500924054 /* AvatarEditingViewController.swift */,
				3297A1DD1E293892006B91DC /* Main.storyboard */,
				3297A1E01E293892006B91DC /* Assets.xcassets */,
				3297A1E21E293892006B91DC /* LaunchScreen.storyboard */,
				3297A1E51E293892006B91DC /* Info.plist */,
			);
			path = CharacterCreatorToo;
			sourceTree = "<group>";
		};
		3297A1ED1E293892006B91DC /* CharacterCreatorTooTests */ = {
			isa = PBXGroup;
			children = (
				3297A1EE1E293892006B91DC /* CharacterCreatorTooTests.swift */,
				3297A1F01E293892006B91DC /* Info.plist */,
			);
			path = CharacterCreatorTooTests;
			sourceTree = "<group>";
		};
		3297A1F81E293892006B91DC /* CharacterCreatorTooUITests */ = {
			isa = PBXGroup;
			children = (
				3297A1F91E293892006B91DC /* CharacterCreatorTooUITests.swift */,
				3297A1FB1E293892006B91DC /* Info.plist */,
			);
			path = CharacterCreatorTooUITests;
			sourceTree = "<group>";
		};
/* End PBXGroup section */

/* Begin PBXNativeTarget section */
		3297A1D51E293892006B91DC /* CharacterCreatorToo */ = {
			isa = PBXNativeTarget;
			buildConfigurationList = 3297A1FE1E293892006B91DC /* Build configuration list for PBXNativeTarget "CharacterCreatorToo" */;
			buildPhases = (
				3297A1D21E293892006B91DC /* Sources */,
				3297A1D31E293892006B91DC /* Frameworks */,
				3297A1D41E293892006B91DC /* Resources */,
			);
			buildRules = (
			);
			dependencies = (
			);
			name = CharacterCreatorToo;
			productName = CharacterCreatorToo;
			productReference = 3297A1D61E293892006B91DC /* CharacterCreatorToo.app */;
			productType = "com.apple.product-type.application";
		};
		3297A1E91E293892006B91DC /* CharacterCreatorTooTests */ = {
			isa = PBXNativeTarget;
			buildConfigurationList = 3297A2011E293892006B91DC /* Build configuration list for PBXNativeTarget "CharacterCreatorTooTests" */;
			buildPhases = (
				3297A1E61E293892006B91DC /* Sources */,
				3297A1E71E293892006B91DC /* Frameworks */,
				3297A1E81E293892006B91DC /* Resources */,
			);
			buildRules = (
			);
			dependencies = (
				3297A1EC1E293892006B91DC /* PBXTargetDependency */,
			);
			name = CharacterCreatorTooTests;
			productName = CharacterCreatorTooTests;
			productReference = 3297A1EA1E293892006B91DC /* CharacterCreatorTooTests.xctest */;
			productType = "com.apple.product-type.bundle.unit-test";
		};
		3297A1F41E293892006B91DC /* CharacterCreatorTooUITests */ = {
			isa = PBXNativeTarget;
			buildConfigurationList = 3297A2041E293892006B91DC /* Build configuration list for PBXNativeTarget "CharacterCreatorTooUITests" */;
			buildPhases = (
				3297A1F11E293892006B91DC /* Sources */,
				3297A1F21E293892006B91DC /* Frameworks */,
				3297A1F31E293892006B91DC /* Resources */,
			);
			buildRules = (
			);
			dependencies = (
				3297A1F71E293892006B91DC /* PBXTargetDependency */,
			);
			name = CharacterCreatorTooUITests;
			productName = CharacterCreatorTooUITests;
			productReference = 3297A1F51E293892006B91DC /* CharacterCreatorTooUITests.xctest */;
			productType = "com.apple.product-type.bundle.ui-testing";
		};
/* End PBXNativeTarget section */

/* Begin PBXProject section */
		3297A1CE1E293892006B91DC /* Project object */ = {
			isa = PBXProject;
			attributes = {
				LastSwiftUpdateCheck = 0820;
				LastUpgradeCheck = 0820;
				ORGANIZATIONNAME = "Buttons and Lights LLC";
				TargetAttributes = {
					3297A1D51E293892006B91DC = {
						CreatedOnToolsVersion = 8.2.1;
						DevelopmentTeam = K3S3BWK3L4;
						ProvisioningStyle = Automatic;
					};
					3297A1E91E293892006B91DC = {
						CreatedOnToolsVersion = 8.2.1;
						DevelopmentTeam = K3S3BWK3L4;
						ProvisioningStyle = Automatic;
						TestTargetID = 3297A1D51E293892006B91DC;
					};
					3297A1F41E293892006B91DC = {
						CreatedOnToolsVersion = 8.2.1;
						DevelopmentTeam = K3S3BWK3L4;
						ProvisioningStyle = Automatic;
						TestTargetID = 3297A1D51E293892006B91DC;
					};
				};
			};
			buildConfigurationList = 3297A1D11E293892006B91DC /* Build configuration list for PBXProject "CharacterCreatorToo" */;
			compatibilityVersion = "Xcode 3.2";
			developmentRegion = English;
			hasScannedForEncodings = 0;
			knownRegions = (
				en,
				Base,
			);
			mainGroup = 3297A1CD1E293892006B91DC;
			productRefGroup = 3297A1D71E293892006B91DC /* Products */;
			projectDirPath = "";
			projectRoot = "";
			targets = (
				3297A1D51E293892006B91DC /* CharacterCreatorToo */,
				3297A1E91E293892006B91DC /* CharacterCreatorTooTests */,
				3297A1F41E293892006B91DC /* CharacterCreatorTooUITests */,
			);
		};
/* End PBXProject section */

/* Begin PBXResourcesBuildPhase section */
		3297A1D41E293892006B91DC /* Resources */ = {
			isa = PBXResourcesBuildPhase;
			buildActionMask = 2147483647;
			files = (
				3297A1E41E293892006B91DC /* LaunchScreen.storyboard in Resources */,
				3297A1E11E293892006B91DC /* Assets.xcassets in Resources */,
				3297A1DF1E293892006B91DC /* Main.storyboard in Resources */,
			);
			runOnlyForDeploymentPostprocessing = 0;
		};
		3297A1E81E293892006B91DC /* Resources */ = {
			isa = PBXResourcesBuildPhase;
			buildActionMask = 2147483647;
			files = (
			);
			runOnlyForDeploymentPostprocessing = 0;
		};
		3297A1F31E293892006B91DC /* Resources */ = {
			isa = PBXResourcesBuildPhase;
			buildActionMask = 2147483647;
			files = (
			);
			runOnlyForDeploymentPostprocessing = 0;
		};
/* End PBXResourcesBuildPhase section */

/* Begin PBXSourcesBuildPhase section */
		3297A1D21E293892006B91DC /* Sources */ = {
			isa = PBXSourcesBuildPhase;
			buildActionMask = 2147483647;
			files = (
				32C0F2C21E293D9500924054 /* AvatarEditingViewController.swift in Sources */,
				32C0F2BE1E2939A700924054 /* Avatar.swift in Sources */,
				3297A1DC1E293892006B91DC /* AvatarListViewController.swift in Sources */,
				32C0F2C01E293A5C00924054 /* AvatarCell.swift in Sources */,
				3297A1DA1E293892006B91DC /* AppDelegate.swift in Sources */,
			);
			runOnlyForDeploymentPostprocessing = 0;
		};
		3297A1E61E293892006B91DC /* Sources */ = {
			isa = PBXSourcesBuildPhase;
			buildActionMask = 2147483647;
			files = (
				3297A1EF1E293892006B91DC /* CharacterCreatorTooTests.swift in Sources */,
			);
			runOnlyForDeploymentPostprocessing = 0;
		};
		3297A1F11E293892006B91DC /* Sources */ = {
			isa = PBXSourcesBuildPhase;
			buildActionMask = 2147483647;
			files = (
				3297A1FA1E293892006B91DC /* CharacterCreatorTooUITests.swift in Sources */,
			);
			runOnlyForDeploymentPostprocessing = 0;
		};
/* End PBXSourcesBuildPhase section */

/* Begin PBXTargetDependency section */
		3297A1EC1E293892006B91DC /* PBXTargetDependency */ = {
			isa = PBXTargetDependency;
			target = 3297A1D51E293892006B91DC /* CharacterCreatorToo */;
			targetProxy = 3297A1EB1E293892006B91DC /* PBXContainerItemProxy */;
		};
		3297A1F71E293892006B91DC /* PBXTargetDependency */ = {
			isa = PBXTargetDependency;
			target = 3297A1D51E293892006B91DC /* CharacterCreatorToo */;
			targetProxy = 3297A1F61E293892006B91DC /* PBXContainerItemProxy */;
		};
/* End PBXTargetDependency section */

/* Begin PBXVariantGroup section */
		3297A1DD1E293892006B91DC /* Main.storyboard */ = {
			isa = PBXVariantGroup;
			children = (
				3297A1DE1E293892006B91DC /* Base */,
			);
			name = Main.storyboard;
			sourceTree = "<group>";
		};
		3297A1E21E293892006B91DC /* LaunchScreen.storyboard */ = {
			isa = PBXVariantGroup;
			children = (
				3297A1E31E293892006B91DC /* Base */,
			);
			name = LaunchScreen.storyboard;
			sourceTree = "<group>";
		};
/* End PBXVariantGroup section */

/* Begin XCBuildConfiguration section */
		3297A1FC1E293892006B91DC /* Debug */ = {
			isa = XCBuildConfiguration;
			buildSettings = {
				ALWAYS_SEARCH_USER_PATHS = NO;
				CLANG_ANALYZER_NONNULL = YES;
				CLANG_CXX_LANGUAGE_STANDARD = "gnu++0x";
				CLANG_CXX_LIBRARY = "libc++";
				CLANG_ENABLE_MODULES = YES;
				CLANG_ENABLE_OBJC_ARC = YES;
				CLANG_WARN_BOOL_CONVERSION = YES;
				CLANG_WARN_CONSTANT_CONVERSION = YES;
				CLANG_WARN_DIRECT_OBJC_ISA_USAGE = YES_ERROR;
				CLANG_WARN_DOCUMENTATION_COMMENTS = YES;
				CLANG_WARN_EMPTY_BODY = YES;
				CLANG_WARN_ENUM_CONVERSION = YES;
				CLANG_WARN_INFINITE_RECURSION = YES;
				CLANG_WARN_INT_CONVERSION = YES;
				CLANG_WARN_OBJC_ROOT_CLASS = YES_ERROR;
				CLANG_WARN_SUSPICIOUS_MOVE = YES;
				CLANG_WARN_UNREACHABLE_CODE = YES;
				CLANG_WARN__DUPLICATE_METHOD_MATCH = YES;
				"CODE_SIGN_IDENTITY[sdk=iphoneos*]" = "iPhone Developer";
				COPY_PHASE_STRIP = NO;
				DEBUG_INFORMATION_FORMAT = dwarf;
				ENABLE_STRICT_OBJC_MSGSEND = YES;
				ENABLE_TESTABILITY = YES;
				GCC_C_LANGUAGE_STANDARD = gnu99;
				GCC_DYNAMIC_NO_PIC = NO;
				GCC_NO_COMMON_BLOCKS = YES;
				GCC_OPTIMIZATION_LEVEL = 0;
				GCC_PREPROCESSOR_DEFINITIONS = (
					"DEBUG=1",
					"$(inherited)",
				);
				GCC_WARN_64_TO_32_BIT_CONVERSION = YES;
				GCC_WARN_ABOUT_RETURN_TYPE = YES_ERROR;
				GCC_WARN_UNDECLARED_SELECTOR = YES;
				GCC_WARN_UNINITIALIZED_AUTOS = YES_AGGRESSIVE;
				GCC_WARN_UNUSED_FUNCTION = YES;
				GCC_WARN_UNUSED_VARIABLE = YES;
				IPHONEOS_DEPLOYMENT_TARGET = 10.2;
				MTL_ENABLE_DEBUG_INFO = YES;
				ONLY_ACTIVE_ARCH = YES;
				SDKROOT = iphoneos;
				SWIFT_ACTIVE_COMPILATION_CONDITIONS = DEBUG;
				SWIFT_OPTIMIZATION_LEVEL = "-Onone";
			};
			name = Debug;
		};
		3297A1FD1E293892006B91DC /* Release */ = {
			isa = XCBuildConfiguration;
			buildSettings = {
				ALWAYS_SEARCH_USER_PATHS = NO;
				CLANG_ANALYZER_NONNULL = YES;
				CLANG_CXX_LANGUAGE_STANDARD = "gnu++0x";
				CLANG_CXX_LIBRARY = "libc++";
				CLANG_ENABLE_MODULES = YES;
				CLANG_ENABLE_OBJC_ARC = YES;
				CLANG_WARN_BOOL_CONVERSION = YES;
				CLANG_WARN_CONSTANT_CONVERSION = YES;
				CLANG_WARN_DIRECT_OBJC_ISA_USAGE = YES_ERROR;
				CLANG_WARN_DOCUMENTATION_COMMENTS = YES;
				CLANG_WARN_EMPTY_BODY = YES;
				CLANG_WARN_ENUM_CONVERSION = YES;
				CLANG_WARN_INFINITE_RECURSION = YES;
				CLANG_WARN_INT_CONVERSION = YES;
				CLANG_WARN_OBJC_ROOT_CLASS = YES_ERROR;
				CLANG_WARN_SUSPICIOUS_MOVE = YES;
				CLANG_WARN_UNREACHABLE_CODE = YES;
				CLANG_WARN__DUPLICATE_METHOD_MATCH = YES;
				"CODE_SIGN_IDENTITY[sdk=iphoneos*]" = "iPhone Developer";
				COPY_PHASE_STRIP = NO;
				DEBUG_INFORMATION_FORMAT = "dwarf-with-dsym";
				ENABLE_NS_ASSERTIONS = NO;
				ENABLE_STRICT_OBJC_MSGSEND = YES;
				GCC_C_LANGUAGE_STANDARD = gnu99;
				GCC_NO_COMMON_BLOCKS = YES;
				GCC_WARN_64_TO_32_BIT_CONVERSION = YES;
				GCC_WARN_ABOUT_RETURN_TYPE = YES_ERROR;
				GCC_WARN_UNDECLARED_SELECTOR = YES;
				GCC_WARN_UNINITIALIZED_AUTOS = YES_AGGRESSIVE;
				GCC_WARN_UNUSED_FUNCTION = YES;
				GCC_WARN_UNUSED_VARIABLE = YES;
				IPHONEOS_DEPLOYMENT_TARGET = 10.2;
				MTL_ENABLE_DEBUG_INFO = NO;
				SDKROOT = iphoneos;
				SWIFT_OPTIMIZATION_LEVEL = "-Owholemodule";
				VALIDATE_PRODUCT = YES;
			};
			name = Release;
		};
		3297A1FF1E293892006B91DC /* Debug */ = {
			isa = XCBuildConfiguration;
			buildSettings = {
				ASSETCATALOG_COMPILER_APPICON_NAME = AppIcon;
				DEVELOPMENT_TEAM = K3S3BWK3L4;
				INFOPLIST_FILE = CharacterCreatorToo/Info.plist;
				LD_RUNPATH_SEARCH_PATHS = "$(inherited) @executable_path/Frameworks";
				PRODUCT_BUNDLE_IDENTIFIER = com.buttonsAndLights.CharacterCreatorToo;
				PRODUCT_NAME = "$(TARGET_NAME)";
				SWIFT_VERSION = 3.0;
			};
			name = Debug;
		};
		3297A2001E293892006B91DC /* Release */ = {
			isa = XCBuildConfiguration;
			buildSettings = {
				ASSETCATALOG_COMPILER_APPICON_NAME = AppIcon;
				DEVELOPMENT_TEAM = K3S3BWK3L4;
				INFOPLIST_FILE = CharacterCreatorToo/Info.plist;
				LD_RUNPATH_SEARCH_PATHS = "$(inherited) @executable_path/Frameworks";
				PRODUCT_BUNDLE_IDENTIFIER = com.buttonsAndLights.CharacterCreatorToo;
				PRODUCT_NAME = "$(TARGET_NAME)";
				SWIFT_VERSION = 3.0;
			};
			name = Release;
		};
		3297A2021E293892006B91DC /* Debug */ = {
			isa = XCBuildConfiguration;
			buildSettings = {
				ALWAYS_EMBED_SWIFT_STANDARD_LIBRARIES = YES;
				BUNDLE_LOADER = "$(TEST_HOST)";
				DEVELOPMENT_TEAM = K3S3BWK3L4;
				INFOPLIST_FILE = CharacterCreatorTooTests/Info.plist;
				LD_RUNPATH_SEARCH_PATHS = "$(inherited) @executable_path/Frameworks @loader_path/Frameworks";
				PRODUCT_BUNDLE_IDENTIFIER = com.buttonsAndLights.CharacterCreatorTooTests;
				PRODUCT_NAME = "$(TARGET_NAME)";
				SWIFT_VERSION = 3.0;
				TEST_HOST = "$(BUILT_PRODUCTS_DIR)/CharacterCreatorToo.app/CharacterCreatorToo";
			};
			name = Debug;
		};
		3297A2031E293892006B91DC /* Release */ = {
			isa = XCBuildConfiguration;
			buildSettings = {
				ALWAYS_EMBED_SWIFT_STANDARD_LIBRARIES = YES;
				BUNDLE_LOADER = "$(TEST_HOST)";
				DEVELOPMENT_TEAM = K3S3BWK3L4;
				INFOPLIST_FILE = CharacterCreatorTooTests/Info.plist;
				LD_RUNPATH_SEARCH_PATHS = "$(inherited) @executable_path/Frameworks @loader_path/Frameworks";
				PRODUCT_BUNDLE_IDENTIFIER = com.buttonsAndLights.CharacterCreatorTooTests;
				PRODUCT_NAME = "$(TARGET_NAME)";
				SWIFT_VERSION = 3.0;
				TEST_HOST = "$(BUILT_PRODUCTS_DIR)/CharacterCreatorToo.app/CharacterCreatorToo";
			};
			name = Release;
		};
		3297A2051E293892006B91DC /* Debug */ = {
			isa = XCBuildConfiguration;
			buildSettings = {
				ALWAYS_EMBED_SWIFT_STANDARD_LIBRARIES = YES;
				DEVELOPMENT_TEAM = K3S3BWK3L4;
				INFOPLIST_FILE = CharacterCreatorTooUITests/Info.plist;
				LD_RUNPATH_SEARCH_PATHS = "$(inherited) @executable_path/Frameworks @loader_path/Frameworks";
				PRODUCT_BUNDLE_IDENTIFIER = com.buttonsAndLights.CharacterCreatorTooUITests;
				PRODUCT_NAME = "$(TARGET_NAME)";
				SWIFT_VERSION = 3.0;
				TEST_TARGET_NAME = CharacterCreatorToo;
			};
			name = Debug;
		};
		3297A2061E293892006B91DC /* Release */ = {
			isa = XCBuildConfiguration;
			buildSettings = {
				ALWAYS_EMBED_SWIFT_STANDARD_LIBRARIES = YES;
				DEVELOPMENT_TEAM = K3S3BWK3L4;
				INFOPLIST_FILE = CharacterCreatorTooUITests/Info.plist;
				LD_RUNPATH_SEARCH_PATHS = "$(inherited) @executable_path/Frameworks @loader_path/Frameworks";
				PRODUCT_BUNDLE_IDENTIFIER = com.buttonsAndLights.CharacterCreatorTooUITests;
				PRODUCT_NAME = "$(TARGET_NAME)";
				SWIFT_VERSION = 3.0;
				TEST_TARGET_NAME = CharacterCreatorToo;
			};
			name = Release;
		};
/* End XCBuildConfiguration section */

/* Begin XCConfigurationList section */
		3297A1D11E293892006B91DC /* Build configuration list for PBXProject "CharacterCreatorToo" */ = {
			isa = XCConfigurationList;
			buildConfigurations = (
				3297A1FC1E293892006B91DC /* Debug */,
				3297A1FD1E293892006B91DC /* Release */,
			);
			defaultConfigurationIsVisible = 0;
			defaultConfigurationName = Release;
		};
		3297A1FE1E293892006B91DC /* Build configuration list for PBXNativeTarget "CharacterCreatorToo" */ = {
			isa = XCConfigurationList;
			buildConfigurations = (
				3297A1FF1E293892006B91DC /* Debug */,
				3297A2001E293892006B91DC /* Release */,
			);
			defaultConfigurationIsVisible = 0;
			defaultConfigurationName = Release;
		};
		3297A2011E293892006B91DC /* Build configuration list for PBXNativeTarget "CharacterCreatorTooTests" */ = {
			isa = XCConfigurationList;
			buildConfigurations = (
				3297A2021E293892006B91DC /* Debug */,
				3297A2031E293892006B91DC /* Release */,
			);
			defaultConfigurationIsVisible = 0;
			defaultConfigurationName = Release;
		};
		3297A2041E293892006B91DC /* Build configuration list for PBXNativeTarget "CharacterCreatorTooUITests" */ = {
			isa = XCConfigurationList;
			buildConfigurations = (
				3297A2051E293892006B91DC /* Debug */,
				3297A2061E293892006B91DC /* Release */,
			);
			defaultConfigurationIsVisible = 0;
			defaultConfigurationName = Release;
		};
/* End XCConfigurationList section */
	};
	rootObject = 3297A1CE1E293892006B91DC /* Project object */;
}
