// !$*UTF8*$!
{
	archiveVersion = 1;
	classes = {
	};
	objectVersion = 46;
	objects = {

/* Begin PBXBuildFile section */
		3208D7451E1BED7C00EDAFEA /* AppDelegate.swift in Sources */ = {isa = PBXBuildFile; fileRef = 3208D7441E1BED7C00EDAFEA /* AppDelegate.swift */; };
		3208D7471E1BED7C00EDAFEA /* CharacterViewController.swift in Sources */ = {isa = PBXBuildFile; fileRef = 3208D7461E1BED7C00EDAFEA /* CharacterViewController.swift */; };
		3208D74A1E1BED7C00EDAFEA /* Main.storyboard in Resources */ = {isa = PBXBuildFile; fileRef = 3208D7481E1BED7C00EDAFEA /* Main.storyboard */; };
		3208D74C1E1BED7C00EDAFEA /* Assets.xcassets in Resources */ = {isa = PBXBuildFile; fileRef = 3208D74B1E1BED7C00EDAFEA /* Assets.xcassets */; };
		3208D74F1E1BED7C00EDAFEA /* LaunchScreen.storyboard in Resources */ = {isa = PBXBuildFile; fileRef = 3208D74D1E1BED7C00EDAFEA /* LaunchScreen.storyboard */; };
		3208D75A1E1BED7C00EDAFEA /* RPG2017Tests.swift in Sources */ = {isa = PBXBuildFile; fileRef = 3208D7591E1BED7C00EDAFEA /* RPG2017Tests.swift */; };
		3208D7651E1BED7C00EDAFEA /* RPG2017UITests.swift in Sources */ = {isa = PBXBuildFile; fileRef = 3208D7641E1BED7C00EDAFEA /* RPG2017UITests.swift */; };
		3208D7731E1BEDA100EDAFEA /* Character.swift in Sources */ = {isa = PBXBuildFile; fileRef = 3208D7721E1BEDA100EDAFEA /* Character.swift */; };
		3208D7751E1BEDFF00EDAFEA /* Item.swift in Sources */ = {isa = PBXBuildFile; fileRef = 3208D7741E1BEDFF00EDAFEA /* Item.swift */; };
		3208D7771E1BEF4000EDAFEA /* CharacterClassification.swift in Sources */ = {isa = PBXBuildFile; fileRef = 3208D7761E1BEF4000EDAFEA /* CharacterClassification.swift */; };
		3208D7791E1BF0A000EDAFEA /* CharacterClassificaitonTests.swift in Sources */ = {isa = PBXBuildFile; fileRef = 3208D7781E1BF0A000EDAFEA /* CharacterClassificaitonTests.swift */; };
/* End PBXBuildFile section */

/* Begin PBXContainerItemProxy section */
		3208D7561E1BED7C00EDAFEA /* PBXContainerItemProxy */ = {
			isa = PBXContainerItemProxy;
			containerPortal = 3208D7391E1BED7C00EDAFEA /* Project object */;
			proxyType = 1;
			remoteGlobalIDString = 3208D7401E1BED7C00EDAFEA;
			remoteInfo = RPG2017;
		};
		3208D7611E1BED7C00EDAFEA /* PBXContainerItemProxy */ = {
			isa = PBXContainerItemProxy;
			containerPortal = 3208D7391E1BED7C00EDAFEA /* Project object */;
			proxyType = 1;
			remoteGlobalIDString = 3208D7401E1BED7C00EDAFEA;
			remoteInfo = RPG2017;
		};
/* End PBXContainerItemProxy section */

/* Begin PBXFileReference section */
		3208D7411E1BED7C00EDAFEA /* RPG2017.app */ = {isa = PBXFileReference; explicitFileType = wrapper.application; includeInIndex = 0; path = RPG2017.app; sourceTree = BUILT_PRODUCTS_DIR; };
		3208D7441E1BED7C00EDAFEA /* AppDelegate.swift */ = {isa = PBXFileReference; lastKnownFileType = sourcecode.swift; path = AppDelegate.swift; sourceTree = "<group>"; };
		3208D7461E1BED7C00EDAFEA /* CharacterViewController.swift */ = {isa = PBXFileReference; lastKnownFileType = sourcecode.swift; path = CharacterViewController.swift; sourceTree = "<group>"; };
		3208D7491E1BED7C00EDAFEA /* Base */ = {isa = PBXFileReference; lastKnownFileType = file.storyboard; name = Base; path = Base.lproj/Main.storyboard; sourceTree = "<group>"; };
		3208D74B1E1BED7C00EDAFEA /* Assets.xcassets */ = {isa = PBXFileReference; lastKnownFileType = folder.assetcatalog; path = Assets.xcassets; sourceTree = "<group>"; };
		3208D74E1E1BED7C00EDAFEA /* Base */ = {isa = PBXFileReference; lastKnownFileType = file.storyboard; name = Base; path = Base.lproj/LaunchScreen.storyboard; sourceTree = "<group>"; };
		3208D7501E1BED7C00EDAFEA /* Info.plist */ = {isa = PBXFileReference; lastKnownFileType = text.plist.xml; path = Info.plist; sourceTree = "<group>"; };
		3208D7551E1BED7C00EDAFEA /* RPG2017Tests.xctest */ = {isa = PBXFileReference; explicitFileType = wrapper.cfbundle; includeInIndex = 0; path = RPG2017Tests.xctest; sourceTree = BUILT_PRODUCTS_DIR; };
		3208D7591E1BED7C00EDAFEA /* RPG2017Tests.swift */ = {isa = PBXFileReference; lastKnownFileType = sourcecode.swift; path = RPG2017Tests.swift; sourceTree = "<group>"; };
		3208D75B1E1BED7C00EDAFEA /* Info.plist */ = {isa = PBXFileReference; lastKnownFileType = text.plist.xml; path = Info.plist; sourceTree = "<group>"; };
		3208D7601E1BED7C00EDAFEA /* RPG2017UITests.xctest */ = {isa = PBXFileReference; explicitFileType = wrapper.cfbundle; includeInIndex = 0; path = RPG2017UITests.xctest; sourceTree = BUILT_PRODUCTS_DIR; };
		3208D7641E1BED7C00EDAFEA /* RPG2017UITests.swift */ = {isa = PBXFileReference; lastKnownFileType = sourcecode.swift; path = RPG2017UITests.swift; sourceTree = "<group>"; };
		3208D7661E1BED7C00EDAFEA /* Info.plist */ = {isa = PBXFileReference; lastKnownFileType = text.plist.xml; path = Info.plist; sourceTree = "<group>"; };
		3208D7721E1BEDA100EDAFEA /* Character.swift */ = {isa = PBXFileReference; fileEncoding = 4; lastKnownFileType = sourcecode.swift; path = Character.swift; sourceTree = "<group>"; };
		3208D7741E1BEDFF00EDAFEA /* Item.swift */ = {isa = PBXFileReference; fileEncoding = 4; lastKnownFileType = sourcecode.swift; path = Item.swift; sourceTree = "<group>"; };
		3208D7761E1BEF4000EDAFEA /* CharacterClassification.swift */ = {isa = PBXFileReference; fileEncoding = 4; lastKnownFileType = sourcecode.swift; path = CharacterClassification.swift; sourceTree = "<group>"; };
		3208D7781E1BF0A000EDAFEA /* CharacterClassificaitonTests.swift */ = {isa = PBXFileReference; fileEncoding = 4; lastKnownFileType = sourcecode.swift; path = CharacterClassificaitonTests.swift; sourceTree = "<group>"; };
/* End PBXFileReference section */

/* Begin PBXFrameworksBuildPhase section */
		3208D73E1E1BED7C00EDAFEA /* Frameworks */ = {
			isa = PBXFrameworksBuildPhase;
			buildActionMask = 2147483647;
			files = (
			);
			runOnlyForDeploymentPostprocessing = 0;
		};
		3208D7521E1BED7C00EDAFEA /* Frameworks */ = {
			isa = PBXFrameworksBuildPhase;
			buildActionMask = 2147483647;
			files = (
			);
			runOnlyForDeploymentPostprocessing = 0;
		};
		3208D75D1E1BED7C00EDAFEA /* Frameworks */ = {
			isa = PBXFrameworksBuildPhase;
			buildActionMask = 2147483647;
			files = (
			);
			runOnlyForDeploymentPostprocessing = 0;
		};
/* End PBXFrameworksBuildPhase section */

/* Begin PBXGroup section */
		3208D7381E1BED7C00EDAFEA = {
			isa = PBXGroup;
			children = (
				3208D7431E1BED7C00EDAFEA /* RPG2017 */,
				3208D7581E1BED7C00EDAFEA /* RPG2017Tests */,
				3208D7631E1BED7C00EDAFEA /* RPG2017UITests */,
				3208D7421E1BED7C00EDAFEA /* Products */,
			);
			sourceTree = "<group>";
		};
		3208D7421E1BED7C00EDAFEA /* Products */ = {
			isa = PBXGroup;
			children = (
				3208D7411E1BED7C00EDAFEA /* RPG2017.app */,
				3208D7551E1BED7C00EDAFEA /* RPG2017Tests.xctest */,
				3208D7601E1BED7C00EDAFEA /* RPG2017UITests.xctest */,
			);
			name = Products;
			sourceTree = "<group>";
		};
		3208D7431E1BED7C00EDAFEA /* RPG2017 */ = {
			isa = PBXGroup;
			children = (
				3208D7441E1BED7C00EDAFEA /* AppDelegate.swift */,
				3208D7721E1BEDA100EDAFEA /* Character.swift */,
				3208D7761E1BEF4000EDAFEA /* CharacterClassification.swift */,
				3208D7741E1BEDFF00EDAFEA /* Item.swift */,
				3208D7461E1BED7C00EDAFEA /* CharacterViewController.swift */,
				3208D7481E1BED7C00EDAFEA /* Main.storyboard */,
				3208D74B1E1BED7C00EDAFEA /* Assets.xcassets */,
				3208D74D1E1BED7C00EDAFEA /* LaunchScreen.storyboard */,
				3208D7501E1BED7C00EDAFEA /* Info.plist */,
			);
			path = RPG2017;
			sourceTree = "<group>";
		};
		3208D7581E1BED7C00EDAFEA /* RPG2017Tests */ = {
			isa = PBXGroup;
			children = (
				3208D7591E1BED7C00EDAFEA /* RPG2017Tests.swift */,
				3208D7781E1BF0A000EDAFEA /* CharacterClassificaitonTests.swift */,
				3208D75B1E1BED7C00EDAFEA /* Info.plist */,
			);
			path = RPG2017Tests;
			sourceTree = "<group>";
		};
		3208D7631E1BED7C00EDAFEA /* RPG2017UITests */ = {
			isa = PBXGroup;
			children = (
				3208D7641E1BED7C00EDAFEA /* RPG2017UITests.swift */,
				3208D7661E1BED7C00EDAFEA /* Info.plist */,
			);
			path = RPG2017UITests;
			sourceTree = "<group>";
		};
/* End PBXGroup section */

/* Begin PBXNativeTarget section */
		3208D7401E1BED7C00EDAFEA /* RPG2017 */ = {
			isa = PBXNativeTarget;
			buildConfigurationList = 3208D7691E1BED7C00EDAFEA /* Build configuration list for PBXNativeTarget "RPG2017" */;
			buildPhases = (
				3208D73D1E1BED7C00EDAFEA /* Sources */,
				3208D73E1E1BED7C00EDAFEA /* Frameworks */,
				3208D73F1E1BED7C00EDAFEA /* Resources */,
			);
			buildRules = (
			);
			dependencies = (
			);
			name = RPG2017;
			productName = RPG2017;
			productReference = 3208D7411E1BED7C00EDAFEA /* RPG2017.app */;
			productType = "com.apple.product-type.application";
		};
		3208D7541E1BED7C00EDAFEA /* RPG2017Tests */ = {
			isa = PBXNativeTarget;
			buildConfigurationList = 3208D76C1E1BED7C00EDAFEA /* Build configuration list for PBXNativeTarget "RPG2017Tests" */;
			buildPhases = (
				3208D7511E1BED7C00EDAFEA /* Sources */,
				3208D7521E1BED7C00EDAFEA /* Frameworks */,
				3208D7531E1BED7C00EDAFEA /* Resources */,
			);
			buildRules = (
			);
			dependencies = (
				3208D7571E1BED7C00EDAFEA /* PBXTargetDependency */,
			);
			name = RPG2017Tests;
			productName = RPG2017Tests;
			productReference = 3208D7551E1BED7C00EDAFEA /* RPG2017Tests.xctest */;
			productType = "com.apple.product-type.bundle.unit-test";
		};
		3208D75F1E1BED7C00EDAFEA /* RPG2017UITests */ = {
			isa = PBXNativeTarget;
			buildConfigurationList = 3208D76F1E1BED7C00EDAFEA /* Build configuration list for PBXNativeTarget "RPG2017UITests" */;
			buildPhases = (
				3208D75C1E1BED7C00EDAFEA /* Sources */,
				3208D75D1E1BED7C00EDAFEA /* Frameworks */,
				3208D75E1E1BED7C00EDAFEA /* Resources */,
			);
			buildRules = (
			);
			dependencies = (
				3208D7621E1BED7C00EDAFEA /* PBXTargetDependency */,
			);
			name = RPG2017UITests;
			productName = RPG2017UITests;
			productReference = 3208D7601E1BED7C00EDAFEA /* RPG2017UITests.xctest */;
			productType = "com.apple.product-type.bundle.ui-testing";
		};
/* End PBXNativeTarget section */

/* Begin PBXProject section */
		3208D7391E1BED7C00EDAFEA /* Project object */ = {
			isa = PBXProject;
			attributes = {
				LastSwiftUpdateCheck = 0820;
				LastUpgradeCheck = 0820;
				ORGANIZATIONNAME = "Buttons and Lights LLC";
				TargetAttributes = {
					3208D7401E1BED7C00EDAFEA = {
						CreatedOnToolsVersion = 8.2.1;
						DevelopmentTeam = K3S3BWK3L4;
						ProvisioningStyle = Automatic;
					};
					3208D7541E1BED7C00EDAFEA = {
						CreatedOnToolsVersion = 8.2.1;
						DevelopmentTeam = K3S3BWK3L4;
						ProvisioningStyle = Automatic;
						TestTargetID = 3208D7401E1BED7C00EDAFEA;
					};
					3208D75F1E1BED7C00EDAFEA = {
						CreatedOnToolsVersion = 8.2.1;
						DevelopmentTeam = K3S3BWK3L4;
						ProvisioningStyle = Automatic;
						TestTargetID = 3208D7401E1BED7C00EDAFEA;
					};
				};
			};
			buildConfigurationList = 3208D73C1E1BED7C00EDAFEA /* Build configuration list for PBXProject "RPG2017" */;
			compatibilityVersion = "Xcode 3.2";
			developmentRegion = English;
			hasScannedForEncodings = 0;
			knownRegions = (
				en,
				Base,
			);
			mainGroup = 3208D7381E1BED7C00EDAFEA;
			productRefGroup = 3208D7421E1BED7C00EDAFEA /* Products */;
			projectDirPath = "";
			projectRoot = "";
			targets = (
				3208D7401E1BED7C00EDAFEA /* RPG2017 */,
				3208D7541E1BED7C00EDAFEA /* RPG2017Tests */,
				3208D75F1E1BED7C00EDAFEA /* RPG2017UITests */,
			);
		};
/* End PBXProject section */

/* Begin PBXResourcesBuildPhase section */
		3208D73F1E1BED7C00EDAFEA /* Resources */ = {
			isa = PBXResourcesBuildPhase;
			buildActionMask = 2147483647;
			files = (
				3208D74F1E1BED7C00EDAFEA /* LaunchScreen.storyboard in Resources */,
				3208D74C1E1BED7C00EDAFEA /* Assets.xcassets in Resources */,
				3208D74A1E1BED7C00EDAFEA /* Main.storyboard in Resources */,
			);
			runOnlyForDeploymentPostprocessing = 0;
		};
		3208D7531E1BED7C00EDAFEA /* Resources */ = {
			isa = PBXResourcesBuildPhase;
			buildActionMask = 2147483647;
			files = (
			);
			runOnlyForDeploymentPostprocessing = 0;
		};
		3208D75E1E1BED7C00EDAFEA /* Resources */ = {
			isa = PBXResourcesBuildPhase;
			buildActionMask = 2147483647;
			files = (
			);
			runOnlyForDeploymentPostprocessing = 0;
		};
/* End PBXResourcesBuildPhase section */

/* Begin PBXSourcesBuildPhase section */
		3208D73D1E1BED7C00EDAFEA /* Sources */ = {
			isa = PBXSourcesBuildPhase;
			buildActionMask = 2147483647;
			files = (
				3208D7751E1BEDFF00EDAFEA /* Item.swift in Sources */,
				3208D7731E1BEDA100EDAFEA /* Character.swift in Sources */,
				3208D7471E1BED7C00EDAFEA /* CharacterViewController.swift in Sources */,
				3208D7451E1BED7C00EDAFEA /* AppDelegate.swift in Sources */,
				3208D7771E1BEF4000EDAFEA /* CharacterClassification.swift in Sources */,
			);
			runOnlyForDeploymentPostprocessing = 0;
		};
		3208D7511E1BED7C00EDAFEA /* Sources */ = {
			isa = PBXSourcesBuildPhase;
			buildActionMask = 2147483647;
			files = (
				3208D75A1E1BED7C00EDAFEA /* RPG2017Tests.swift in Sources */,
				3208D7791E1BF0A000EDAFEA /* CharacterClassificaitonTests.swift in Sources */,
			);
			runOnlyForDeploymentPostprocessing = 0;
		};
		3208D75C1E1BED7C00EDAFEA /* Sources */ = {
			isa = PBXSourcesBuildPhase;
			buildActionMask = 2147483647;
			files = (
				3208D7651E1BED7C00EDAFEA /* RPG2017UITests.swift in Sources */,
			);
			runOnlyForDeploymentPostprocessing = 0;
		};
/* End PBXSourcesBuildPhase section */

/* Begin PBXTargetDependency section */
		3208D7571E1BED7C00EDAFEA /* PBXTargetDependency */ = {
			isa = PBXTargetDependency;
			target = 3208D7401E1BED7C00EDAFEA /* RPG2017 */;
			targetProxy = 3208D7561E1BED7C00EDAFEA /* PBXContainerItemProxy */;
		};
		3208D7621E1BED7C00EDAFEA /* PBXTargetDependency */ = {
			isa = PBXTargetDependency;
			target = 3208D7401E1BED7C00EDAFEA /* RPG2017 */;
			targetProxy = 3208D7611E1BED7C00EDAFEA /* PBXContainerItemProxy */;
		};
/* End PBXTargetDependency section */

/* Begin PBXVariantGroup section */
		3208D7481E1BED7C00EDAFEA /* Main.storyboard */ = {
			isa = PBXVariantGroup;
			children = (
				3208D7491E1BED7C00EDAFEA /* Base */,
			);
			name = Main.storyboard;
			sourceTree = "<group>";
		};
		3208D74D1E1BED7C00EDAFEA /* LaunchScreen.storyboard */ = {
			isa = PBXVariantGroup;
			children = (
				3208D74E1E1BED7C00EDAFEA /* Base */,
			);
			name = LaunchScreen.storyboard;
			sourceTree = "<group>";
		};
/* End PBXVariantGroup section */

/* Begin XCBuildConfiguration section */
		3208D7671E1BED7C00EDAFEA /* Debug */ = {
			isa = XCBuildConfiguration;
			buildSettings = {
				ALWAYS_SEARCH_USER_PATHS = NO;
				CLANG_ANALYZER_NONNULL = YES;
				CLANG_CXX_LANGUAGE_STANDARD = "gnu++0x";
				CLANG_CXX_LIBRARY = "libc++";
				CLANG_ENABLE_MODULES = YES;
				CLANG_ENABLE_OBJC_ARC = YES;
				CLANG_WARN_BOOL_CONVERSION = YES;
				CLANG_WARN_CONSTANT_CONVERSION = YES;
				CLANG_WARN_DIRECT_OBJC_ISA_USAGE = YES_ERROR;
				CLANG_WARN_DOCUMENTATION_COMMENTS = YES;
				CLANG_WARN_EMPTY_BODY = YES;
				CLANG_WARN_ENUM_CONVERSION = YES;
				CLANG_WARN_INFINITE_RECURSION = YES;
				CLANG_WARN_INT_CONVERSION = YES;
				CLANG_WARN_OBJC_ROOT_CLASS = YES_ERROR;
				CLANG_WARN_SUSPICIOUS_MOVE = YES;
				CLANG_WARN_UNREACHABLE_CODE = YES;
				CLANG_WARN__DUPLICATE_METHOD_MATCH = YES;
				"CODE_SIGN_IDENTITY[sdk=iphoneos*]" = "iPhone Developer";
				COPY_PHASE_STRIP = NO;
				DEBUG_INFORMATION_FORMAT = dwarf;
				ENABLE_STRICT_OBJC_MSGSEND = YES;
				ENABLE_TESTABILITY = YES;
				GCC_C_LANGUAGE_STANDARD = gnu99;
				GCC_DYNAMIC_NO_PIC = NO;
				GCC_NO_COMMON_BLOCKS = YES;
				GCC_OPTIMIZATION_LEVEL = 0;
				GCC_PREPROCESSOR_DEFINITIONS = (
					"DEBUG=1",
					"$(inherited)",
				);
				GCC_WARN_64_TO_32_BIT_CONVERSION = YES;
				GCC_WARN_ABOUT_RETURN_TYPE = YES_ERROR;
				GCC_WARN_UNDECLARED_SELECTOR = YES;
				GCC_WARN_UNINITIALIZED_AUTOS = YES_AGGRESSIVE;
				GCC_WARN_UNUSED_FUNCTION = YES;
				GCC_WARN_UNUSED_VARIABLE = YES;
				IPHONEOS_DEPLOYMENT_TARGET = 10.2;
				MTL_ENABLE_DEBUG_INFO = YES;
				ONLY_ACTIVE_ARCH = YES;
				SDKROOT = iphoneos;
				SWIFT_ACTIVE_COMPILATION_CONDITIONS = DEBUG;
				SWIFT_OPTIMIZATION_LEVEL = "-Onone";
			};
			name = Debug;
		};
		3208D7681E1BED7C00EDAFEA /* Release */ = {
			isa = XCBuildConfiguration;
			buildSettings = {
				ALWAYS_SEARCH_USER_PATHS = NO;
				CLANG_ANALYZER_NONNULL = YES;
				CLANG_CXX_LANGUAGE_STANDARD = "gnu++0x";
				CLANG_CXX_LIBRARY = "libc++";
				CLANG_ENABLE_MODULES = YES;
				CLANG_ENABLE_OBJC_ARC = YES;
				CLANG_WARN_BOOL_CONVERSION = YES;
				CLANG_WARN_CONSTANT_CONVERSION = YES;
				CLANG_WARN_DIRECT_OBJC_ISA_USAGE = YES_ERROR;
				CLANG_WARN_DOCUMENTATION_COMMENTS = YES;
				CLANG_WARN_EMPTY_BODY = YES;
				CLANG_WARN_ENUM_CONVERSION = YES;
				CLANG_WARN_INFINITE_RECURSION = YES;
				CLANG_WARN_INT_CONVERSION = YES;
				CLANG_WARN_OBJC_ROOT_CLASS = YES_ERROR;
				CLANG_WARN_SUSPICIOUS_MOVE = YES;
				CLANG_WARN_UNREACHABLE_CODE = YES;
				CLANG_WARN__DUPLICATE_METHOD_MATCH = YES;
				"CODE_SIGN_IDENTITY[sdk=iphoneos*]" = "iPhone Developer";
				COPY_PHASE_STRIP = NO;
				DEBUG_INFORMATION_FORMAT = "dwarf-with-dsym";
				ENABLE_NS_ASSERTIONS = NO;
				ENABLE_STRICT_OBJC_MSGSEND = YES;
				GCC_C_LANGUAGE_STANDARD = gnu99;
				GCC_NO_COMMON_BLOCKS = YES;
				GCC_WARN_64_TO_32_BIT_CONVERSION = YES;
				GCC_WARN_ABOUT_RETURN_TYPE = YES_ERROR;
				GCC_WARN_UNDECLARED_SELECTOR = YES;
				GCC_WARN_UNINITIALIZED_AUTOS = YES_AGGRESSIVE;
				GCC_WARN_UNUSED_FUNCTION = YES;
				GCC_WARN_UNUSED_VARIABLE = YES;
				IPHONEOS_DEPLOYMENT_TARGET = 10.2;
				MTL_ENABLE_DEBUG_INFO = NO;
				SDKROOT = iphoneos;
				SWIFT_OPTIMIZATION_LEVEL = "-Owholemodule";
				VALIDATE_PRODUCT = YES;
			};
			name = Release;
		};
		3208D76A1E1BED7C00EDAFEA /* Debug */ = {
			isa = XCBuildConfiguration;
			buildSettings = {
				ASSETCATALOG_COMPILER_APPICON_NAME = AppIcon;
				DEVELOPMENT_TEAM = K3S3BWK3L4;
				INFOPLIST_FILE = RPG2017/Info.plist;
				LD_RUNPATH_SEARCH_PATHS = "$(inherited) @executable_path/Frameworks";
				PRODUCT_BUNDLE_IDENTIFIER = com.buttonsAndLights.RPG2017;
				PRODUCT_NAME = "$(TARGET_NAME)";
				SWIFT_VERSION = 3.0;
			};
			name = Debug;
		};
		3208D76B1E1BED7C00EDAFEA /* Release */ = {
			isa = XCBuildConfiguration;
			buildSettings = {
				ASSETCATALOG_COMPILER_APPICON_NAME = AppIcon;
				DEVELOPMENT_TEAM = K3S3BWK3L4;
				INFOPLIST_FILE = RPG2017/Info.plist;
				LD_RUNPATH_SEARCH_PATHS = "$(inherited) @executable_path/Frameworks";
				PRODUCT_BUNDLE_IDENTIFIER = com.buttonsAndLights.RPG2017;
				PRODUCT_NAME = "$(TARGET_NAME)";
				SWIFT_VERSION = 3.0;
			};
			name = Release;
		};
		3208D76D1E1BED7C00EDAFEA /* Debug */ = {
			isa = XCBuildConfiguration;
			buildSettings = {
				ALWAYS_EMBED_SWIFT_STANDARD_LIBRARIES = YES;
				BUNDLE_LOADER = "$(TEST_HOST)";
				DEVELOPMENT_TEAM = K3S3BWK3L4;
				INFOPLIST_FILE = RPG2017Tests/Info.plist;
				LD_RUNPATH_SEARCH_PATHS = "$(inherited) @executable_path/Frameworks @loader_path/Frameworks";
				PRODUCT_BUNDLE_IDENTIFIER = com.buttonsAndLights.RPG2017Tests;
				PRODUCT_NAME = "$(TARGET_NAME)";
				SWIFT_VERSION = 3.0;
				TEST_HOST = "$(BUILT_PRODUCTS_DIR)/RPG2017.app/RPG2017";
			};
			name = Debug;
		};
		3208D76E1E1BED7C00EDAFEA /* Release */ = {
			isa = XCBuildConfiguration;
			buildSettings = {
				ALWAYS_EMBED_SWIFT_STANDARD_LIBRARIES = YES;
				BUNDLE_LOADER = "$(TEST_HOST)";
				DEVELOPMENT_TEAM = K3S3BWK3L4;
				INFOPLIST_FILE = RPG2017Tests/Info.plist;
				LD_RUNPATH_SEARCH_PATHS = "$(inherited) @executable_path/Frameworks @loader_path/Frameworks";
				PRODUCT_BUNDLE_IDENTIFIER = com.buttonsAndLights.RPG2017Tests;
				PRODUCT_NAME = "$(TARGET_NAME)";
				SWIFT_VERSION = 3.0;
				TEST_HOST = "$(BUILT_PRODUCTS_DIR)/RPG2017.app/RPG2017";
			};
			name = Release;
		};
		3208D7701E1BED7C00EDAFEA /* Debug */ = {
			isa = XCBuildConfiguration;
			buildSettings = {
				ALWAYS_EMBED_SWIFT_STANDARD_LIBRARIES = YES;
				DEVELOPMENT_TEAM = K3S3BWK3L4;
				INFOPLIST_FILE = RPG2017UITests/Info.plist;
				LD_RUNPATH_SEARCH_PATHS = "$(inherited) @executable_path/Frameworks @loader_path/Frameworks";
				PRODUCT_BUNDLE_IDENTIFIER = com.buttonsAndLights.RPG2017UITests;
				PRODUCT_NAME = "$(TARGET_NAME)";
				SWIFT_VERSION = 3.0;
				TEST_TARGET_NAME = RPG2017;
			};
			name = Debug;
		};
		3208D7711E1BED7C00EDAFEA /* Release */ = {
			isa = XCBuildConfiguration;
			buildSettings = {
				ALWAYS_EMBED_SWIFT_STANDARD_LIBRARIES = YES;
				DEVELOPMENT_TEAM = K3S3BWK3L4;
				INFOPLIST_FILE = RPG2017UITests/Info.plist;
				LD_RUNPATH_SEARCH_PATHS = "$(inherited) @executable_path/Frameworks @loader_path/Frameworks";
				PRODUCT_BUNDLE_IDENTIFIER = com.buttonsAndLights.RPG2017UITests;
				PRODUCT_NAME = "$(TARGET_NAME)";
				SWIFT_VERSION = 3.0;
				TEST_TARGET_NAME = RPG2017;
			};
			name = Release;
		};
/* End XCBuildConfiguration section */

/* Begin XCConfigurationList section */
		3208D73C1E1BED7C00EDAFEA /* Build configuration list for PBXProject "RPG2017" */ = {
			isa = XCConfigurationList;
			buildConfigurations = (
				3208D7671E1BED7C00EDAFEA /* Debug */,
				3208D7681E1BED7C00EDAFEA /* Release */,
			);
			defaultConfigurationIsVisible = 0;
			defaultConfigurationName = Release;
		};
		3208D7691E1BED7C00EDAFEA /* Build configuration list for PBXNativeTarget "RPG2017" */ = {
			isa = XCConfigurationList;
			buildConfigurations = (
				3208D76A1E1BED7C00EDAFEA /* Debug */,
				3208D76B1E1BED7C00EDAFEA /* Release */,
			);
			defaultConfigurationIsVisible = 0;
		};
		3208D76C1E1BED7C00EDAFEA /* Build configuration list for PBXNativeTarget "RPG2017Tests" */ = {
			isa = XCConfigurationList;
			buildConfigurations = (
				3208D76D1E1BED7C00EDAFEA /* Debug */,
				3208D76E1E1BED7C00EDAFEA /* Release */,
			);
			defaultConfigurationIsVisible = 0;
		};
		3208D76F1E1BED7C00EDAFEA /* Build configuration list for PBXNativeTarget "RPG2017UITests" */ = {
			isa = XCConfigurationList;
			buildConfigurations = (
				3208D7701E1BED7C00EDAFEA /* Debug */,
				3208D7711E1BED7C00EDAFEA /* Release */,
			);
			defaultConfigurationIsVisible = 0;
		};
/* End XCConfigurationList section */
	};
	rootObject = 3208D7391E1BED7C00EDAFEA /* Project object */;
}
