// !$*UTF8*$!
{
	archiveVersion = 1;
	classes = {
	};
	objectVersion = 46;
	objects = {

/* Begin PBXBuildFile section */
		3263971F1E3A7F9200C1FAB9 /* AppDelegate.swift in Sources */ = {isa = PBXBuildFile; fileRef = 3263971E1E3A7F9200C1FAB9 /* AppDelegate.swift */; };
		326397211E3A7F9200C1FAB9 /* ViewController.swift in Sources */ = {isa = PBXBuildFile; fileRef = 326397201E3A7F9200C1FAB9 /* ViewController.swift */; };
		326397241E3A7F9200C1FAB9 /* Main.storyboard in Resources */ = {isa = PBXBuildFile; fileRef = 326397221E3A7F9200C1FAB9 /* Main.storyboard */; };
		326397261E3A7F9200C1FAB9 /* Assets.xcassets in Resources */ = {isa = PBXBuildFile; fileRef = 326397251E3A7F9200C1FAB9 /* Assets.xcassets */; };
		326397291E3A7F9200C1FAB9 /* LaunchScreen.storyboard in Resources */ = {isa = PBXBuildFile; fileRef = 326397271E3A7F9200C1FAB9 /* LaunchScreen.storyboard */; };
		326397341E3A7F9200C1FAB9 /* jsonExamplesTests.swift in Sources */ = {isa = PBXBuildFile; fileRef = 326397331E3A7F9200C1FAB9 /* jsonExamplesTests.swift */; };
		3263973F1E3A7F9200C1FAB9 /* jsonExamplesUITests.swift in Sources */ = {isa = PBXBuildFile; fileRef = 3263973E1E3A7F9200C1FAB9 /* jsonExamplesUITests.swift */; };
		3263974D1E3A7FAF00C1FAB9 /* DateGetting.swift in Sources */ = {isa = PBXBuildFile; fileRef = 3263974C1E3A7FAF00C1FAB9 /* DateGetting.swift */; };
		3263974F1E3A7FCC00C1FAB9 /* PostImage.swift in Sources */ = {isa = PBXBuildFile; fileRef = 3263974E1E3A7FCC00C1FAB9 /* PostImage.swift */; };
/* End PBXBuildFile section */

/* Begin PBXContainerItemProxy section */
		326397301E3A7F9200C1FAB9 /* PBXContainerItemProxy */ = {
			isa = PBXContainerItemProxy;
			containerPortal = 326397131E3A7F9200C1FAB9 /* Project object */;
			proxyType = 1;
			remoteGlobalIDString = 3263971A1E3A7F9200C1FAB9;
			remoteInfo = jsonExamples;
		};
		3263973B1E3A7F9200C1FAB9 /* PBXContainerItemProxy */ = {
			isa = PBXContainerItemProxy;
			containerPortal = 326397131E3A7F9200C1FAB9 /* Project object */;
			proxyType = 1;
			remoteGlobalIDString = 3263971A1E3A7F9200C1FAB9;
			remoteInfo = jsonExamples;
		};
/* End PBXContainerItemProxy section */

/* Begin PBXFileReference section */
		3263971B1E3A7F9200C1FAB9 /* jsonExamples.app */ = {isa = PBXFileReference; explicitFileType = wrapper.application; includeInIndex = 0; path = jsonExamples.app; sourceTree = BUILT_PRODUCTS_DIR; };
		3263971E1E3A7F9200C1FAB9 /* AppDelegate.swift */ = {isa = PBXFileReference; lastKnownFileType = sourcecode.swift; path = AppDelegate.swift; sourceTree = "<group>"; };
		326397201E3A7F9200C1FAB9 /* ViewController.swift */ = {isa = PBXFileReference; lastKnownFileType = sourcecode.swift; path = ViewController.swift; sourceTree = "<group>"; };
		326397231E3A7F9200C1FAB9 /* Base */ = {isa = PBXFileReference; lastKnownFileType = file.storyboard; name = Base; path = Base.lproj/Main.storyboard; sourceTree = "<group>"; };
		326397251E3A7F9200C1FAB9 /* Assets.xcassets */ = {isa = PBXFileReference; lastKnownFileType = folder.assetcatalog; path = Assets.xcassets; sourceTree = "<group>"; };
		326397281E3A7F9200C1FAB9 /* Base */ = {isa = PBXFileReference; lastKnownFileType = file.storyboard; name = Base; path = Base.lproj/LaunchScreen.storyboard; sourceTree = "<group>"; };
		3263972A1E3A7F9200C1FAB9 /* Info.plist */ = {isa = PBXFileReference; lastKnownFileType = text.plist.xml; path = Info.plist; sourceTree = "<group>"; };
		3263972F1E3A7F9200C1FAB9 /* jsonExamplesTests.xctest */ = {isa = PBXFileReference; explicitFileType = wrapper.cfbundle; includeInIndex = 0; path = jsonExamplesTests.xctest; sourceTree = BUILT_PRODUCTS_DIR; };
		326397331E3A7F9200C1FAB9 /* jsonExamplesTests.swift */ = {isa = PBXFileReference; lastKnownFileType = sourcecode.swift; path = jsonExamplesTests.swift; sourceTree = "<group>"; };
		326397351E3A7F9200C1FAB9 /* Info.plist */ = {isa = PBXFileReference; lastKnownFileType = text.plist.xml; path = Info.plist; sourceTree = "<group>"; };
		3263973A1E3A7F9200C1FAB9 /* jsonExamplesUITests.xctest */ = {isa = PBXFileReference; explicitFileType = wrapper.cfbundle; includeInIndex = 0; path = jsonExamplesUITests.xctest; sourceTree = BUILT_PRODUCTS_DIR; };
		3263973E1E3A7F9200C1FAB9 /* jsonExamplesUITests.swift */ = {isa = PBXFileReference; lastKnownFileType = sourcecode.swift; path = jsonExamplesUITests.swift; sourceTree = "<group>"; };
		326397401E3A7F9200C1FAB9 /* Info.plist */ = {isa = PBXFileReference; lastKnownFileType = text.plist.xml; path = Info.plist; sourceTree = "<group>"; };
		3263974C1E3A7FAF00C1FAB9 /* DateGetting.swift */ = {isa = PBXFileReference; fileEncoding = 4; lastKnownFileType = sourcecode.swift; path = DateGetting.swift; sourceTree = "<group>"; };
		3263974E1E3A7FCC00C1FAB9 /* PostImage.swift */ = {isa = PBXFileReference; fileEncoding = 4; lastKnownFileType = sourcecode.swift; path = PostImage.swift; sourceTree = "<group>"; };
/* End PBXFileReference section */

/* Begin PBXFrameworksBuildPhase section */
		326397181E3A7F9200C1FAB9 /* Frameworks */ = {
			isa = PBXFrameworksBuildPhase;
			buildActionMask = 2147483647;
			files = (
			);
			runOnlyForDeploymentPostprocessing = 0;
		};
		3263972C1E3A7F9200C1FAB9 /* Frameworks */ = {
			isa = PBXFrameworksBuildPhase;
			buildActionMask = 2147483647;
			files = (
			);
			runOnlyForDeploymentPostprocessing = 0;
		};
		326397371E3A7F9200C1FAB9 /* Frameworks */ = {
			isa = PBXFrameworksBuildPhase;
			buildActionMask = 2147483647;
			files = (
			);
			runOnlyForDeploymentPostprocessing = 0;
		};
/* End PBXFrameworksBuildPhase section */

/* Begin PBXGroup section */
		326397121E3A7F9200C1FAB9 = {
			isa = PBXGroup;
			children = (
				3263971D1E3A7F9200C1FAB9 /* jsonExamples */,
				326397321E3A7F9200C1FAB9 /* jsonExamplesTests */,
				3263973D1E3A7F9200C1FAB9 /* jsonExamplesUITests */,
				3263971C1E3A7F9200C1FAB9 /* Products */,
			);
			sourceTree = "<group>";
		};
		3263971C1E3A7F9200C1FAB9 /* Products */ = {
			isa = PBXGroup;
			children = (
				3263971B1E3A7F9200C1FAB9 /* jsonExamples.app */,
				3263972F1E3A7F9200C1FAB9 /* jsonExamplesTests.xctest */,
				3263973A1E3A7F9200C1FAB9 /* jsonExamplesUITests.xctest */,
			);
			name = Products;
			sourceTree = "<group>";
		};
		3263971D1E3A7F9200C1FAB9 /* jsonExamples */ = {
			isa = PBXGroup;
			children = (
				3263971E1E3A7F9200C1FAB9 /* AppDelegate.swift */,
				326397201E3A7F9200C1FAB9 /* ViewController.swift */,
				3263974E1E3A7FCC00C1FAB9 /* PostImage.swift */,
				3263974C1E3A7FAF00C1FAB9 /* DateGetting.swift */,
				326397221E3A7F9200C1FAB9 /* Main.storyboard */,
				326397251E3A7F9200C1FAB9 /* Assets.xcassets */,
				326397271E3A7F9200C1FAB9 /* LaunchScreen.storyboard */,
				3263972A1E3A7F9200C1FAB9 /* Info.plist */,
			);
			path = jsonExamples;
			sourceTree = "<group>";
		};
		326397321E3A7F9200C1FAB9 /* jsonExamplesTests */ = {
			isa = PBXGroup;
			children = (
				326397331E3A7F9200C1FAB9 /* jsonExamplesTests.swift */,
				326397351E3A7F9200C1FAB9 /* Info.plist */,
			);
			path = jsonExamplesTests;
			sourceTree = "<group>";
		};
		3263973D1E3A7F9200C1FAB9 /* jsonExamplesUITests */ = {
			isa = PBXGroup;
			children = (
				3263973E1E3A7F9200C1FAB9 /* jsonExamplesUITests.swift */,
				326397401E3A7F9200C1FAB9 /* Info.plist */,
			);
			path = jsonExamplesUITests;
			sourceTree = "<group>";
		};
/* End PBXGroup section */

/* Begin PBXNativeTarget section */
		3263971A1E3A7F9200C1FAB9 /* jsonExamples */ = {
			isa = PBXNativeTarget;
			buildConfigurationList = 326397431E3A7F9200C1FAB9 /* Build configuration list for PBXNativeTarget "jsonExamples" */;
			buildPhases = (
				326397171E3A7F9200C1FAB9 /* Sources */,
				326397181E3A7F9200C1FAB9 /* Frameworks */,
				326397191E3A7F9200C1FAB9 /* Resources */,
			);
			buildRules = (
			);
			dependencies = (
			);
			name = jsonExamples;
			productName = jsonExamples;
			productReference = 3263971B1E3A7F9200C1FAB9 /* jsonExamples.app */;
			productType = "com.apple.product-type.application";
		};
		3263972E1E3A7F9200C1FAB9 /* jsonExamplesTests */ = {
			isa = PBXNativeTarget;
			buildConfigurationList = 326397461E3A7F9200C1FAB9 /* Build configuration list for PBXNativeTarget "jsonExamplesTests" */;
			buildPhases = (
				3263972B1E3A7F9200C1FAB9 /* Sources */,
				3263972C1E3A7F9200C1FAB9 /* Frameworks */,
				3263972D1E3A7F9200C1FAB9 /* Resources */,
			);
			buildRules = (
			);
			dependencies = (
				326397311E3A7F9200C1FAB9 /* PBXTargetDependency */,
			);
			name = jsonExamplesTests;
			productName = jsonExamplesTests;
			productReference = 3263972F1E3A7F9200C1FAB9 /* jsonExamplesTests.xctest */;
			productType = "com.apple.product-type.bundle.unit-test";
		};
		326397391E3A7F9200C1FAB9 /* jsonExamplesUITests */ = {
			isa = PBXNativeTarget;
			buildConfigurationList = 326397491E3A7F9200C1FAB9 /* Build configuration list for PBXNativeTarget "jsonExamplesUITests" */;
			buildPhases = (
				326397361E3A7F9200C1FAB9 /* Sources */,
				326397371E3A7F9200C1FAB9 /* Frameworks */,
				326397381E3A7F9200C1FAB9 /* Resources */,
			);
			buildRules = (
			);
			dependencies = (
				3263973C1E3A7F9200C1FAB9 /* PBXTargetDependency */,
			);
			name = jsonExamplesUITests;
			productName = jsonExamplesUITests;
			productReference = 3263973A1E3A7F9200C1FAB9 /* jsonExamplesUITests.xctest */;
			productType = "com.apple.product-type.bundle.ui-testing";
		};
/* End PBXNativeTarget section */

/* Begin PBXProject section */
		326397131E3A7F9200C1FAB9 /* Project object */ = {
			isa = PBXProject;
			attributes = {
				LastSwiftUpdateCheck = 0830;
				LastUpgradeCheck = 0830;
				ORGANIZATIONNAME = "Buttons and Lights LLC";
				TargetAttributes = {
					3263971A1E3A7F9200C1FAB9 = {
						CreatedOnToolsVersion = 8.3;
						DevelopmentTeam = K3S3BWK3L4;
						ProvisioningStyle = Automatic;
					};
					3263972E1E3A7F9200C1FAB9 = {
						CreatedOnToolsVersion = 8.3;
						DevelopmentTeam = K3S3BWK3L4;
						ProvisioningStyle = Automatic;
						TestTargetID = 3263971A1E3A7F9200C1FAB9;
					};
					326397391E3A7F9200C1FAB9 = {
						CreatedOnToolsVersion = 8.3;
						DevelopmentTeam = K3S3BWK3L4;
						ProvisioningStyle = Automatic;
						TestTargetID = 3263971A1E3A7F9200C1FAB9;
					};
				};
			};
			buildConfigurationList = 326397161E3A7F9200C1FAB9 /* Build configuration list for PBXProject "jsonExamples" */;
			compatibilityVersion = "Xcode 3.2";
			developmentRegion = English;
			hasScannedForEncodings = 0;
			knownRegions = (
				en,
				Base,
			);
			mainGroup = 326397121E3A7F9200C1FAB9;
			productRefGroup = 3263971C1E3A7F9200C1FAB9 /* Products */;
			projectDirPath = "";
			projectRoot = "";
			targets = (
				3263971A1E3A7F9200C1FAB9 /* jsonExamples */,
				3263972E1E3A7F9200C1FAB9 /* jsonExamplesTests */,
				326397391E3A7F9200C1FAB9 /* jsonExamplesUITests */,
			);
		};
/* End PBXProject section */

/* Begin PBXResourcesBuildPhase section */
		326397191E3A7F9200C1FAB9 /* Resources */ = {
			isa = PBXResourcesBuildPhase;
			buildActionMask = 2147483647;
			files = (
				326397291E3A7F9200C1FAB9 /* LaunchScreen.storyboard in Resources */,
				326397261E3A7F9200C1FAB9 /* Assets.xcassets in Resources */,
				326397241E3A7F9200C1FAB9 /* Main.storyboard in Resources */,
			);
			runOnlyForDeploymentPostprocessing = 0;
		};
		3263972D1E3A7F9200C1FAB9 /* Resources */ = {
			isa = PBXResourcesBuildPhase;
			buildActionMask = 2147483647;
			files = (
			);
			runOnlyForDeploymentPostprocessing = 0;
		};
		326397381E3A7F9200C1FAB9 /* Resources */ = {
			isa = PBXResourcesBuildPhase;
			buildActionMask = 2147483647;
			files = (
			);
			runOnlyForDeploymentPostprocessing = 0;
		};
/* End PBXResourcesBuildPhase section */

/* Begin PBXSourcesBuildPhase section */
		326397171E3A7F9200C1FAB9 /* Sources */ = {
			isa = PBXSourcesBuildPhase;
			buildActionMask = 2147483647;
			files = (
				326397211E3A7F9200C1FAB9 /* ViewController.swift in Sources */,
				3263974D1E3A7FAF00C1FAB9 /* DateGetting.swift in Sources */,
				3263971F1E3A7F9200C1FAB9 /* AppDelegate.swift in Sources */,
				3263974F1E3A7FCC00C1FAB9 /* PostImage.swift in Sources */,
			);
			runOnlyForDeploymentPostprocessing = 0;
		};
		3263972B1E3A7F9200C1FAB9 /* Sources */ = {
			isa = PBXSourcesBuildPhase;
			buildActionMask = 2147483647;
			files = (
				326397341E3A7F9200C1FAB9 /* jsonExamplesTests.swift in Sources */,
			);
			runOnlyForDeploymentPostprocessing = 0;
		};
		326397361E3A7F9200C1FAB9 /* Sources */ = {
			isa = PBXSourcesBuildPhase;
			buildActionMask = 2147483647;
			files = (
				3263973F1E3A7F9200C1FAB9 /* jsonExamplesUITests.swift in Sources */,
			);
			runOnlyForDeploymentPostprocessing = 0;
		};
/* End PBXSourcesBuildPhase section */

/* Begin PBXTargetDependency section */
		326397311E3A7F9200C1FAB9 /* PBXTargetDependency */ = {
			isa = PBXTargetDependency;
			target = 3263971A1E3A7F9200C1FAB9 /* jsonExamples */;
			targetProxy = 326397301E3A7F9200C1FAB9 /* PBXContainerItemProxy */;
		};
		3263973C1E3A7F9200C1FAB9 /* PBXTargetDependency */ = {
			isa = PBXTargetDependency;
			target = 3263971A1E3A7F9200C1FAB9 /* jsonExamples */;
			targetProxy = 3263973B1E3A7F9200C1FAB9 /* PBXContainerItemProxy */;
		};
/* End PBXTargetDependency section */

/* Begin PBXVariantGroup section */
		326397221E3A7F9200C1FAB9 /* Main.storyboard */ = {
			isa = PBXVariantGroup;
			children = (
				326397231E3A7F9200C1FAB9 /* Base */,
			);
			name = Main.storyboard;
			sourceTree = "<group>";
		};
		326397271E3A7F9200C1FAB9 /* LaunchScreen.storyboard */ = {
			isa = PBXVariantGroup;
			children = (
				326397281E3A7F9200C1FAB9 /* Base */,
			);
			name = LaunchScreen.storyboard;
			sourceTree = "<group>";
		};
/* End PBXVariantGroup section */

/* Begin XCBuildConfiguration section */
		326397411E3A7F9200C1FAB9 /* Debug */ = {
			isa = XCBuildConfiguration;
			buildSettings = {
				ALWAYS_SEARCH_USER_PATHS = NO;
				CLANG_ANALYZER_NONNULL = YES;
				CLANG_ANALYZER_NUMBER_OBJECT_CONVERSION = YES_AGGRESSIVE;
				CLANG_CXX_LANGUAGE_STANDARD = "gnu++0x";
				CLANG_CXX_LIBRARY = "libc++";
				CLANG_ENABLE_MODULES = YES;
				CLANG_ENABLE_OBJC_ARC = YES;
				CLANG_WARN_BOOL_CONVERSION = YES;
				CLANG_WARN_CONSTANT_CONVERSION = YES;
				CLANG_WARN_DIRECT_OBJC_ISA_USAGE = YES_ERROR;
				CLANG_WARN_DOCUMENTATION_COMMENTS = YES;
				CLANG_WARN_EMPTY_BODY = YES;
				CLANG_WARN_ENUM_CONVERSION = YES;
				CLANG_WARN_INFINITE_RECURSION = YES;
				CLANG_WARN_INT_CONVERSION = YES;
				CLANG_WARN_OBJC_ROOT_CLASS = YES_ERROR;
				CLANG_WARN_SUSPICIOUS_MOVE = YES;
				CLANG_WARN_UNREACHABLE_CODE = YES;
				CLANG_WARN__DUPLICATE_METHOD_MATCH = YES;
				"CODE_SIGN_IDENTITY[sdk=iphoneos*]" = "iPhone Developer";
				COPY_PHASE_STRIP = NO;
				DEBUG_INFORMATION_FORMAT = dwarf;
				ENABLE_STRICT_OBJC_MSGSEND = YES;
				ENABLE_TESTABILITY = YES;
				GCC_C_LANGUAGE_STANDARD = gnu99;
				GCC_DYNAMIC_NO_PIC = NO;
				GCC_NO_COMMON_BLOCKS = YES;
				GCC_OPTIMIZATION_LEVEL = 0;
				GCC_PREPROCESSOR_DEFINITIONS = (
					"DEBUG=1",
					"$(inherited)",
				);
				GCC_WARN_64_TO_32_BIT_CONVERSION = YES;
				GCC_WARN_ABOUT_RETURN_TYPE = YES_ERROR;
				GCC_WARN_UNDECLARED_SELECTOR = YES;
				GCC_WARN_UNINITIALIZED_AUTOS = YES_AGGRESSIVE;
				GCC_WARN_UNUSED_FUNCTION = YES;
				GCC_WARN_UNUSED_VARIABLE = YES;
				IPHONEOS_DEPLOYMENT_TARGET = 10.3;
				MTL_ENABLE_DEBUG_INFO = YES;
				ONLY_ACTIVE_ARCH = YES;
				SDKROOT = iphoneos;
				SWIFT_ACTIVE_COMPILATION_CONDITIONS = DEBUG;
				SWIFT_OPTIMIZATION_LEVEL = "-Onone";
			};
			name = Debug;
		};
		326397421E3A7F9200C1FAB9 /* Release */ = {
			isa = XCBuildConfiguration;
			buildSettings = {
				ALWAYS_SEARCH_USER_PATHS = NO;
				CLANG_ANALYZER_NONNULL = YES;
				CLANG_ANALYZER_NUMBER_OBJECT_CONVERSION = YES_AGGRESSIVE;
				CLANG_CXX_LANGUAGE_STANDARD = "gnu++0x";
				CLANG_CXX_LIBRARY = "libc++";
				CLANG_ENABLE_MODULES = YES;
				CLANG_ENABLE_OBJC_ARC = YES;
				CLANG_WARN_BOOL_CONVERSION = YES;
				CLANG_WARN_CONSTANT_CONVERSION = YES;
				CLANG_WARN_DIRECT_OBJC_ISA_USAGE = YES_ERROR;
				CLANG_WARN_DOCUMENTATION_COMMENTS = YES;
				CLANG_WARN_EMPTY_BODY = YES;
				CLANG_WARN_ENUM_CONVERSION = YES;
				CLANG_WARN_INFINITE_RECURSION = YES;
				CLANG_WARN_INT_CONVERSION = YES;
				CLANG_WARN_OBJC_ROOT_CLASS = YES_ERROR;
				CLANG_WARN_SUSPICIOUS_MOVE = YES;
				CLANG_WARN_UNREACHABLE_CODE = YES;
				CLANG_WARN__DUPLICATE_METHOD_MATCH = YES;
				"CODE_SIGN_IDENTITY[sdk=iphoneos*]" = "iPhone Developer";
				COPY_PHASE_STRIP = NO;
				DEBUG_INFORMATION_FORMAT = "dwarf-with-dsym";
				ENABLE_NS_ASSERTIONS = NO;
				ENABLE_STRICT_OBJC_MSGSEND = YES;
				GCC_C_LANGUAGE_STANDARD = gnu99;
				GCC_NO_COMMON_BLOCKS = YES;
				GCC_WARN_64_TO_32_BIT_CONVERSION = YES;
				GCC_WARN_ABOUT_RETURN_TYPE = YES_ERROR;
				GCC_WARN_UNDECLARED_SELECTOR = YES;
				GCC_WARN_UNINITIALIZED_AUTOS = YES_AGGRESSIVE;
				GCC_WARN_UNUSED_FUNCTION = YES;
				GCC_WARN_UNUSED_VARIABLE = YES;
				IPHONEOS_DEPLOYMENT_TARGET = 10.3;
				MTL_ENABLE_DEBUG_INFO = NO;
				SDKROOT = iphoneos;
				SWIFT_OPTIMIZATION_LEVEL = "-Owholemodule";
				VALIDATE_PRODUCT = YES;
			};
			name = Release;
		};
		326397441E3A7F9200C1FAB9 /* Debug */ = {
			isa = XCBuildConfiguration;
			buildSettings = {
				ASSETCATALOG_COMPILER_APPICON_NAME = AppIcon;
				DEVELOPMENT_TEAM = K3S3BWK3L4;
				INFOPLIST_FILE = jsonExamples/Info.plist;
				LD_RUNPATH_SEARCH_PATHS = "$(inherited) @executable_path/Frameworks";
				PRODUCT_BUNDLE_IDENTIFIER = com.buttonsAndLights.jsonExamples;
				PRODUCT_NAME = "$(TARGET_NAME)";
				SWIFT_VERSION = 3.0;
			};
			name = Debug;
		};
		326397451E3A7F9200C1FAB9 /* Release */ = {
			isa = XCBuildConfiguration;
			buildSettings = {
				ASSETCATALOG_COMPILER_APPICON_NAME = AppIcon;
				DEVELOPMENT_TEAM = K3S3BWK3L4;
				INFOPLIST_FILE = jsonExamples/Info.plist;
				LD_RUNPATH_SEARCH_PATHS = "$(inherited) @executable_path/Frameworks";
				PRODUCT_BUNDLE_IDENTIFIER = com.buttonsAndLights.jsonExamples;
				PRODUCT_NAME = "$(TARGET_NAME)";
				SWIFT_VERSION = 3.0;
			};
			name = Release;
		};
		326397471E3A7F9200C1FAB9 /* Debug */ = {
			isa = XCBuildConfiguration;
			buildSettings = {
				ALWAYS_EMBED_SWIFT_STANDARD_LIBRARIES = YES;
				BUNDLE_LOADER = "$(TEST_HOST)";
				DEVELOPMENT_TEAM = K3S3BWK3L4;
				INFOPLIST_FILE = jsonExamplesTests/Info.plist;
				LD_RUNPATH_SEARCH_PATHS = "$(inherited) @executable_path/Frameworks @loader_path/Frameworks";
				PRODUCT_BUNDLE_IDENTIFIER = com.buttonsAndLights.jsonExamplesTests;
				PRODUCT_NAME = "$(TARGET_NAME)";
				SWIFT_VERSION = 3.0;
				TEST_HOST = "$(BUILT_PRODUCTS_DIR)/jsonExamples.app/jsonExamples";
			};
			name = Debug;
		};
		326397481E3A7F9200C1FAB9 /* Release */ = {
			isa = XCBuildConfiguration;
			buildSettings = {
				ALWAYS_EMBED_SWIFT_STANDARD_LIBRARIES = YES;
				BUNDLE_LOADER = "$(TEST_HOST)";
				DEVELOPMENT_TEAM = K3S3BWK3L4;
				INFOPLIST_FILE = jsonExamplesTests/Info.plist;
				LD_RUNPATH_SEARCH_PATHS = "$(inherited) @executable_path/Frameworks @loader_path/Frameworks";
				PRODUCT_BUNDLE_IDENTIFIER = com.buttonsAndLights.jsonExamplesTests;
				PRODUCT_NAME = "$(TARGET_NAME)";
				SWIFT_VERSION = 3.0;
				TEST_HOST = "$(BUILT_PRODUCTS_DIR)/jsonExamples.app/jsonExamples";
			};
			name = Release;
		};
		3263974A1E3A7F9200C1FAB9 /* Debug */ = {
			isa = XCBuildConfiguration;
			buildSettings = {
				ALWAYS_EMBED_SWIFT_STANDARD_LIBRARIES = YES;
				DEVELOPMENT_TEAM = K3S3BWK3L4;
				INFOPLIST_FILE = jsonExamplesUITests/Info.plist;
				LD_RUNPATH_SEARCH_PATHS = "$(inherited) @executable_path/Frameworks @loader_path/Frameworks";
				PRODUCT_BUNDLE_IDENTIFIER = com.buttonsAndLights.jsonExamplesUITests;
				PRODUCT_NAME = "$(TARGET_NAME)";
				SWIFT_VERSION = 3.0;
				TEST_TARGET_NAME = jsonExamples;
			};
			name = Debug;
		};
		3263974B1E3A7F9200C1FAB9 /* Release */ = {
			isa = XCBuildConfiguration;
			buildSettings = {
				ALWAYS_EMBED_SWIFT_STANDARD_LIBRARIES = YES;
				DEVELOPMENT_TEAM = K3S3BWK3L4;
				INFOPLIST_FILE = jsonExamplesUITests/Info.plist;
				LD_RUNPATH_SEARCH_PATHS = "$(inherited) @executable_path/Frameworks @loader_path/Frameworks";
				PRODUCT_BUNDLE_IDENTIFIER = com.buttonsAndLights.jsonExamplesUITests;
				PRODUCT_NAME = "$(TARGET_NAME)";
				SWIFT_VERSION = 3.0;
				TEST_TARGET_NAME = jsonExamples;
			};
			name = Release;
		};
/* End XCBuildConfiguration section */

/* Begin XCConfigurationList section */
		326397161E3A7F9200C1FAB9 /* Build configuration list for PBXProject "jsonExamples" */ = {
			isa = XCConfigurationList;
			buildConfigurations = (
				326397411E3A7F9200C1FAB9 /* Debug */,
				326397421E3A7F9200C1FAB9 /* Release */,
			);
			defaultConfigurationIsVisible = 0;
			defaultConfigurationName = Release;
		};
		326397431E3A7F9200C1FAB9 /* Build configuration list for PBXNativeTarget "jsonExamples" */ = {
			isa = XCConfigurationList;
			buildConfigurations = (
				326397441E3A7F9200C1FAB9 /* Debug */,
				326397451E3A7F9200C1FAB9 /* Release */,
			);
			defaultConfigurationIsVisible = 0;
		};
		326397461E3A7F9200C1FAB9 /* Build configuration list for PBXNativeTarget "jsonExamplesTests" */ = {
			isa = XCConfigurationList;
			buildConfigurations = (
				326397471E3A7F9200C1FAB9 /* Debug */,
				326397481E3A7F9200C1FAB9 /* Release */,
			);
			defaultConfigurationIsVisible = 0;
		};
		326397491E3A7F9200C1FAB9 /* Build configuration list for PBXNativeTarget "jsonExamplesUITests" */ = {
			isa = XCConfigurationList;
			buildConfigurations = (
				3263974A1E3A7F9200C1FAB9 /* Debug */,
				3263974B1E3A7F9200C1FAB9 /* Release */,
			);
			defaultConfigurationIsVisible = 0;
		};
/* End XCConfigurationList section */
	};
	rootObject = 326397131E3A7F9200C1FAB9 /* Project object */;
}
